// !$*UTF8*$!
{
	archiveVersion = 1;
	classes = {
	};
	objectVersion = 56;
	objects = {

/* Begin PBXBuildFile section */
		600EBC122BC8384E00AC5FBB /* SplashScreen.swift in Sources */ = {isa = PBXBuildFile; fileRef = 600EBC112BC8384E00AC5FBB /* SplashScreen.swift */; };
		600EBC142BC83BED00AC5FBB /* Colors.swift in Sources */ = {isa = PBXBuildFile; fileRef = 600EBC132BC83BED00AC5FBB /* Colors.swift */; };
		600EBC182BC83DAB00AC5FBB /* AuthorizationScreen.swift in Sources */ = {isa = PBXBuildFile; fileRef = 600EBC172BC83DAB00AC5FBB /* AuthorizationScreen.swift */; };
		600EBC462BC93C8C00AC5FBB /* ExtensionsView.swift in Sources */ = {isa = PBXBuildFile; fileRef = 600EBC452BC93C8C00AC5FBB /* ExtensionsView.swift */; };
		600EBC4B2BC9853400AC5FBB /* NavigationService.swift in Sources */ = {isa = PBXBuildFile; fileRef = 600EBC4A2BC9853400AC5FBB /* NavigationService.swift */; };
		600EBC4D2BC9861700AC5FBB /* Router.swift in Sources */ = {isa = PBXBuildFile; fileRef = 600EBC4C2BC9861700AC5FBB /* Router.swift */; };
		600EBC502BC98F0D00AC5FBB /* AuthorizationModel.swift in Sources */ = {isa = PBXBuildFile; fileRef = 600EBC4F2BC98F0D00AC5FBB /* AuthorizationModel.swift */; };
		602221832BE3E5D600AA1293 /* FavoritesSettings.swift in Sources */ = {isa = PBXBuildFile; fileRef = 602221822BE3E5D600AA1293 /* FavoritesSettings.swift */; };
		602221862BE4C96C00AA1293 /* CodeScanner in Frameworks */ = {isa = PBXBuildFile; productRef = 602221852BE4C96C00AA1293 /* CodeScanner */; };
		603BA43A2BE0E0B200DDC40A /* NotificationsModel.swift in Sources */ = {isa = PBXBuildFile; fileRef = 603BA4392BE0E0B200DDC40A /* NotificationsModel.swift */; };
		603BA43C2BE0E4F500DDC40A /* FavoritesModel.swift in Sources */ = {isa = PBXBuildFile; fileRef = 603BA43B2BE0E4F500DDC40A /* FavoritesModel.swift */; };
		60727BE82BD005CC00A73DC2 /* CameraView.swift in Sources */ = {isa = PBXBuildFile; fileRef = 60727BE72BD005CC00A73DC2 /* CameraView.swift */; };
		60727BEA2BD04DF200A73DC2 /* ServiceScreen.swift in Sources */ = {isa = PBXBuildFile; fileRef = 60727BE92BD04DF200A73DC2 /* ServiceScreen.swift */; };
		60727BEC2BD05A6800A73DC2 /* CustomBottomNavigationBar.swift in Sources */ = {isa = PBXBuildFile; fileRef = 60727BEB2BD05A6800A73DC2 /* CustomBottomNavigationBar.swift */; };
		60727BEF2BD072B500A73DC2 /* CardSettings.swift in Sources */ = {isa = PBXBuildFile; fileRef = 60727BEE2BD072B500A73DC2 /* CardSettings.swift */; };
		60727BF12BD086A900A73DC2 /* SafeArea.swift in Sources */ = {isa = PBXBuildFile; fileRef = 60727BF02BD086A900A73DC2 /* SafeArea.swift */; };
		60727BF32BD08CAE00A73DC2 /* DetailsModel.swift in Sources */ = {isa = PBXBuildFile; fileRef = 60727BF22BD08CAE00A73DC2 /* DetailsModel.swift */; };
		60727C002BD25A0A00A73DC2 /* DeleteWidget.swift in Sources */ = {isa = PBXBuildFile; fileRef = 60727BFF2BD25A0A00A73DC2 /* DeleteWidget.swift */; };
		60727C022BD2672300A73DC2 /* CustomAlertView.swift in Sources */ = {isa = PBXBuildFile; fileRef = 60727C012BD2672300A73DC2 /* CustomAlertView.swift */; };
		60727C052BD2A81400A73DC2 /* View-CustomAlert.swift in Sources */ = {isa = PBXBuildFile; fileRef = 60727C042BD2A81400A73DC2 /* View-CustomAlert.swift */; };
		60727C082BD536A000A73DC2 /* CardBody.swift in Sources */ = {isa = PBXBuildFile; fileRef = 60727C072BD536A000A73DC2 /* CardBody.swift */; };
		60727C0A2BD5373200A73DC2 /* CustomText.swift in Sources */ = {isa = PBXBuildFile; fileRef = 60727C092BD5373200A73DC2 /* CustomText.swift */; };
		60727C0C2BD53ABA00A73DC2 /* SettingsScreen.swift in Sources */ = {isa = PBXBuildFile; fileRef = 60727C0B2BD53ABA00A73DC2 /* SettingsScreen.swift */; };
		60727C0F2BD5409500A73DC2 /* SettingsTile.swift in Sources */ = {isa = PBXBuildFile; fileRef = 60727C0E2BD5409500A73DC2 /* SettingsTile.swift */; };
		60727C122BD5A3BF00A73DC2 /* CirculationCreation.swift in Sources */ = {isa = PBXBuildFile; fileRef = 60727C112BD5A3BF00A73DC2 /* CirculationCreation.swift */; };
		60727C152BD60FEB00A73DC2 /* CustomButton.swift in Sources */ = {isa = PBXBuildFile; fileRef = 60727C142BD60FEB00A73DC2 /* CustomButton.swift */; };
		60727C172BD610C700A73DC2 /* TicketModel.swift in Sources */ = {isa = PBXBuildFile; fileRef = 60727C162BD610C700A73DC2 /* TicketModel.swift */; };
		60727C192BD617FC00A73DC2 /* ProfileSettings.swift in Sources */ = {isa = PBXBuildFile; fileRef = 60727C182BD617FC00A73DC2 /* ProfileSettings.swift */; };
		60727C1D2BD623BB00A73DC2 /* NotificationsScreen.swift in Sources */ = {isa = PBXBuildFile; fileRef = 60727C1C2BD623BB00A73DC2 /* NotificationsScreen.swift */; };
		60727C1F2BD7D06000A73DC2 /* CardWidget.swift in Sources */ = {isa = PBXBuildFile; fileRef = 60727C1E2BD7D06000A73DC2 /* CardWidget.swift */; };
		60727C222BD7D96D00A73DC2 /* CardStack in Frameworks */ = {isa = PBXBuildFile; productRef = 60727C212BD7D96D00A73DC2 /* CardStack */; };
		607A059C2BE53CAB00CA8A14 /* KeyboardReadable.swift in Sources */ = {isa = PBXBuildFile; fileRef = 607A059B2BE53CAB00CA8A14 /* KeyboardReadable.swift */; };
		607A05A52BE8C61300CA8A14 /* WidgetKit.framework in Frameworks */ = {isa = PBXBuildFile; fileRef = 607A05A42BE8C61300CA8A14 /* WidgetKit.framework */; };
		607A05A72BE8C61300CA8A14 /* SwiftUI.framework in Frameworks */ = {isa = PBXBuildFile; fileRef = 607A05A62BE8C61300CA8A14 /* SwiftUI.framework */; };
		607A05AA2BE8C61300CA8A14 /* smiraddWidgetBundle.swift in Sources */ = {isa = PBXBuildFile; fileRef = 607A05A92BE8C61300CA8A14 /* smiraddWidgetBundle.swift */; };
		607A05AC2BE8C61300CA8A14 /* smiraddWidgetLiveActivity.swift in Sources */ = {isa = PBXBuildFile; fileRef = 607A05AB2BE8C61300CA8A14 /* smiraddWidgetLiveActivity.swift */; };
		607A05AE2BE8C61300CA8A14 /* smiraddWidget.swift in Sources */ = {isa = PBXBuildFile; fileRef = 607A05AD2BE8C61300CA8A14 /* smiraddWidget.swift */; };
		607A05B02BE8C61300CA8A14 /* AppIntent.swift in Sources */ = {isa = PBXBuildFile; fileRef = 607A05AF2BE8C61300CA8A14 /* AppIntent.swift */; };
		607A05B22BE8C61500CA8A14 /* Assets.xcassets in Resources */ = {isa = PBXBuildFile; fileRef = 607A05B12BE8C61500CA8A14 /* Assets.xcassets */; };
		607A05B62BE8C61500CA8A14 /* smiraddWidgetExtension.appex in Embed Foundation Extensions */ = {isa = PBXBuildFile; fileRef = 607A05A22BE8C61300CA8A14 /* smiraddWidgetExtension.appex */; settings = {ATTRIBUTES = (RemoveHeadersOnCopy, ); }; };
		607A060D2BE90FB700CA8A14 /* OpenSans-Medium.ttf in Resources */ = {isa = PBXBuildFile; fileRef = 607A06092BE90FB700CA8A14 /* OpenSans-Medium.ttf */; };
		607A060E2BE90FB700CA8A14 /* OpenSans-SemiBold.ttf in Resources */ = {isa = PBXBuildFile; fileRef = 607A060A2BE90FB700CA8A14 /* OpenSans-SemiBold.ttf */; };
		607A060F2BE90FB700CA8A14 /* OpenSans-Regular.ttf in Resources */ = {isa = PBXBuildFile; fileRef = 607A060B2BE90FB700CA8A14 /* OpenSans-Regular.ttf */; };
		607A06102BE90FB700CA8A14 /* OpenSans-Bold.ttf in Resources */ = {isa = PBXBuildFile; fileRef = 607A060C2BE90FB700CA8A14 /* OpenSans-Bold.ttf */; };
		607A06142BE90FDD00CA8A14 /* Roboto-Bold.ttf in Resources */ = {isa = PBXBuildFile; fileRef = 607A06112BE90FDD00CA8A14 /* Roboto-Bold.ttf */; };
		607A06152BE90FDD00CA8A14 /* Roboto-Medium.ttf in Resources */ = {isa = PBXBuildFile; fileRef = 607A06122BE90FDD00CA8A14 /* Roboto-Medium.ttf */; };
		607A06162BE90FDD00CA8A14 /* Roboto-Regular.ttf in Resources */ = {isa = PBXBuildFile; fileRef = 607A06132BE90FDD00CA8A14 /* Roboto-Regular.ttf */; };
		60A212582BCAE28D002A1301 /* NetworkingScreen.swift in Sources */ = {isa = PBXBuildFile; fileRef = 60A212572BCAE28D002A1301 /* NetworkingScreen.swift */; };
		60A2125B2BCAE2B5002A1301 /* FavoritesScreen.swift in Sources */ = {isa = PBXBuildFile; fileRef = 60A2125A2BCAE2B5002A1301 /* FavoritesScreen.swift */; };
		60A2125E2BCAF265002A1301 /* ProfileScreen.swift in Sources */ = {isa = PBXBuildFile; fileRef = 60A2125D2BCAF265002A1301 /* ProfileScreen.swift */; };
		60A212602BCAF38F002A1301 /* ExtensionsUIImage.swift in Sources */ = {isa = PBXBuildFile; fileRef = 60A2125F2BCAF38F002A1301 /* ExtensionsUIImage.swift */; };
		60A212772BCBAEA1002A1301 /* FilterScreen.swift in Sources */ = {isa = PBXBuildFile; fileRef = 60A212762BCBAEA1002A1301 /* FilterScreen.swift */; };
		60A2127D2BCBBC63002A1301 /* CustomWidget.swift in Sources */ = {isa = PBXBuildFile; fileRef = 60A2127C2BCBBC63002A1301 /* CustomWidget.swift */; };
		60A2127F2BCBBD4B002A1301 /* NetworkingCard.swift in Sources */ = {isa = PBXBuildFile; fileRef = 60A2127E2BCBBD4B002A1301 /* NetworkingCard.swift */; };
		60A212812BCBC23A002A1301 /* CardModel.swift in Sources */ = {isa = PBXBuildFile; fileRef = 60A212802BCBC23A002A1301 /* CardModel.swift */; };
		60D0691F2BD8F56400653AF0 /* FirebaseAuth in Frameworks */ = {isa = PBXBuildFile; productRef = 60D0691E2BD8F56400653AF0 /* FirebaseAuth */; };
		60D069232BD8F8B700653AF0 /* GoogleService-Info.plist in Resources */ = {isa = PBXBuildFile; fileRef = 60D069222BD8F8B700653AF0 /* GoogleService-Info.plist */; };
		60D069262BD8FA9B00653AF0 /* GoogleSignInSwift in Frameworks */ = {isa = PBXBuildFile; productRef = 60D069252BD8FA9B00653AF0 /* GoogleSignInSwift */; };
		60D069282BD8FBEF00653AF0 /* AuthService.swift in Sources */ = {isa = PBXBuildFile; fileRef = 60D069272BD8FBEF00653AF0 /* AuthService.swift */; };
		60D0692E2BD930DE00653AF0 /* CardScreen.swift in Sources */ = {isa = PBXBuildFile; fileRef = 60D0692D2BD930DE00653AF0 /* CardScreen.swift */; };
		60D069302BD932D600653AF0 /* CardTile.swift in Sources */ = {isa = PBXBuildFile; fileRef = 60D0692F2BD932D600653AF0 /* CardTile.swift */; };
		60D069332BD9346300653AF0 /* CardLogo.swift in Sources */ = {isa = PBXBuildFile; fileRef = 60D069322BD9346300653AF0 /* CardLogo.swift */; };
		60D069352BD9356300653AF0 /* CardBio.swift in Sources */ = {isa = PBXBuildFile; fileRef = 60D069342BD9356300653AF0 /* CardBio.swift */; };
		60D069372BDA476600653AF0 /* CustomIcon.swift in Sources */ = {isa = PBXBuildFile; fileRef = 60D069362BDA476600653AF0 /* CustomIcon.swift */; };
		60D069392BDA668800653AF0 /* CardTemplate.swift in Sources */ = {isa = PBXBuildFile; fileRef = 60D069382BDA668800653AF0 /* CardTemplate.swift */; };
		60D0693E2BDBC7B800653AF0 /* CardAchievement.swift in Sources */ = {isa = PBXBuildFile; fileRef = 60D0693D2BDBC7B800653AF0 /* CardAchievement.swift */; };
		60D069402BDBC88D00653AF0 /* CardService.swift in Sources */ = {isa = PBXBuildFile; fileRef = 60D0693F2BDBC88D00653AF0 /* CardService.swift */; };
		60D069422BDBC8EC00653AF0 /* CardEditBody.swift in Sources */ = {isa = PBXBuildFile; fileRef = 60D069412BDBC8EC00653AF0 /* CardEditBody.swift */; };
		60D069442BDBD69900653AF0 /* CustomFormatter.swift in Sources */ = {isa = PBXBuildFile; fileRef = 60D069432BDBD69900653AF0 /* CustomFormatter.swift */; };
		60D069462BDC3A8F00653AF0 /* DeleteModel.swift in Sources */ = {isa = PBXBuildFile; fileRef = 60D069452BDC3A8F00653AF0 /* DeleteModel.swift */; };
		60D069482BDC4B7F00653AF0 /* ExpandableText.swift in Sources */ = {isa = PBXBuildFile; fileRef = 60D069472BDC4B7F00653AF0 /* ExpandableText.swift */; };
		60D0694A2BDD3F0100653AF0 /* FirebaseMessaging in Frameworks */ = {isa = PBXBuildFile; productRef = 60D069492BDD3F0100653AF0 /* FirebaseMessaging */; };
		60D0694C2BDD777A00653AF0 /* LocationManager.swift in Sources */ = {isa = PBXBuildFile; fileRef = 60D0694B2BDD777A00653AF0 /* LocationManager.swift */; };
		60D0694E2BDD7BD200653AF0 /* LocationModel.swift in Sources */ = {isa = PBXBuildFile; fileRef = 60D0694D2BDD7BD200653AF0 /* LocationModel.swift */; };
		60D069502BDD972100653AF0 /* QRCodeScreen.swift in Sources */ = {isa = PBXBuildFile; fileRef = 60D0694F2BDD972100653AF0 /* QRCodeScreen.swift */; };
		60D069522BDF868000653AF0 /* BackButton.swift in Sources */ = {isa = PBXBuildFile; fileRef = 60D069512BDF868000653AF0 /* BackButton.swift */; };
		60D069542BDFCB0B00653AF0 /* DetailModel.swift in Sources */ = {isa = PBXBuildFile; fileRef = 60D069532BDFCB0B00653AF0 /* DetailModel.swift */; };
		60D069562BDFD38D00653AF0 /* TutorialScreen.swift in Sources */ = {isa = PBXBuildFile; fileRef = 60D069552BDFD38D00653AF0 /* TutorialScreen.swift */; };
		60D8A2D92BCBD50E0077F7DC /* CustomRequest.swift in Sources */ = {isa = PBXBuildFile; fileRef = 60D8A2D82BCBD50E0077F7DC /* CustomRequest.swift */; };
		60D8A2DB2BCBD56A0077F7DC /* Enums.swift in Sources */ = {isa = PBXBuildFile; fileRef = 60D8A2DA2BCBD56A0077F7DC /* Enums.swift */; };
		60D8A2DD2BCBE5DF0077F7DC /* ProfileModel.swift in Sources */ = {isa = PBXBuildFile; fileRef = 60D8A2DC2BCBE5DF0077F7DC /* ProfileModel.swift */; };
		60D8A2E02BCD1ED10077F7DC /* CustomTextField.swift in Sources */ = {isa = PBXBuildFile; fileRef = 60D8A2DF2BCD1ED10077F7DC /* CustomTextField.swift */; };
		60D8A2E22BCD23D40077F7DC /* SpecificityModel.swift in Sources */ = {isa = PBXBuildFile; fileRef = 60D8A2E12BCD23D40077F7DC /* SpecificityModel.swift */; };
		60D8A2E42BCD2A380077F7DC /* PhoneAddressFormatter.swift in Sources */ = {isa = PBXBuildFile; fileRef = 60D8A2E32BCD2A380077F7DC /* PhoneAddressFormatter.swift */; };
		60D8A2E62BCDB5BF0077F7DC /* MyCard.swift in Sources */ = {isa = PBXBuildFile; fileRef = 60D8A2E52BCDB5BF0077F7DC /* MyCard.swift */; };
		60D8A2E92BCE68910077F7DC /* TemplatesScreen.swift in Sources */ = {isa = PBXBuildFile; fileRef = 60D8A2E82BCE68910077F7DC /* TemplatesScreen.swift */; };
		60D8A2EB2BCE69780077F7DC /* TemplateModel.swift in Sources */ = {isa = PBXBuildFile; fileRef = 60D8A2EA2BCE69780077F7DC /* TemplateModel.swift */; };
		60D8A2ED2BCE6EF80077F7DC /* CustomAppBar.swift in Sources */ = {isa = PBXBuildFile; fileRef = 60D8A2EC2BCE6EF80077F7DC /* CustomAppBar.swift */; };
		60D8A2EF2BCE72670077F7DC /* AchievementScreen.swift in Sources */ = {isa = PBXBuildFile; fileRef = 60D8A2EE2BCE72670077F7DC /* AchievementScreen.swift */; };
		60D8A2F12BCE79680077F7DC /* SaveButton.swift in Sources */ = {isa = PBXBuildFile; fileRef = 60D8A2F02BCE79680077F7DC /* SaveButton.swift */; };
		60EF5D6C2BC09EC400DCDD97 /* smiraddApp.swift in Sources */ = {isa = PBXBuildFile; fileRef = 60EF5D6B2BC09EC400DCDD97 /* smiraddApp.swift */; };
		60EF5D702BC09EC500DCDD97 /* Assets.xcassets in Resources */ = {isa = PBXBuildFile; fileRef = 60EF5D6F2BC09EC500DCDD97 /* Assets.xcassets */; };
		60EF5D732BC09EC500DCDD97 /* Preview Assets.xcassets in Resources */ = {isa = PBXBuildFile; fileRef = 60EF5D722BC09EC500DCDD97 /* Preview Assets.xcassets */; };
		60EF5D7D2BC09EC500DCDD97 /* smiraddTests.swift in Sources */ = {isa = PBXBuildFile; fileRef = 60EF5D7C2BC09EC500DCDD97 /* smiraddTests.swift */; };
		60EF5D872BC09EC500DCDD97 /* smiraddUITests.swift in Sources */ = {isa = PBXBuildFile; fileRef = 60EF5D862BC09EC500DCDD97 /* smiraddUITests.swift */; };
		60EF5D892BC09EC500DCDD97 /* smiraddUITestsLaunchTests.swift in Sources */ = {isa = PBXBuildFile; fileRef = 60EF5D882BC09EC500DCDD97 /* smiraddUITestsLaunchTests.swift */; };
/* End PBXBuildFile section */

/* Begin PBXContainerItemProxy section */
		607A05B42BE8C61500CA8A14 /* PBXContainerItemProxy */ = {
			isa = PBXContainerItemProxy;
			containerPortal = 60EF5D602BC09EC400DCDD97 /* Project object */;
			proxyType = 1;
			remoteGlobalIDString = 607A05A12BE8C61300CA8A14;
			remoteInfo = smiraddWidgetExtension;
		};
		60EF5D792BC09EC500DCDD97 /* PBXContainerItemProxy */ = {
			isa = PBXContainerItemProxy;
			containerPortal = 60EF5D602BC09EC400DCDD97 /* Project object */;
			proxyType = 1;
			remoteGlobalIDString = 60EF5D672BC09EC400DCDD97;
			remoteInfo = smiradd;
		};
		60EF5D832BC09EC500DCDD97 /* PBXContainerItemProxy */ = {
			isa = PBXContainerItemProxy;
			containerPortal = 60EF5D602BC09EC400DCDD97 /* Project object */;
			proxyType = 1;
			remoteGlobalIDString = 60EF5D672BC09EC400DCDD97;
			remoteInfo = smiradd;
		};
/* End PBXContainerItemProxy section */

/* Begin PBXCopyFilesBuildPhase section */
		607A05BA2BE8C61500CA8A14 /* Embed Foundation Extensions */ = {
			isa = PBXCopyFilesBuildPhase;
			buildActionMask = 2147483647;
			dstPath = "";
			dstSubfolderSpec = 13;
			files = (
				607A05B62BE8C61500CA8A14 /* smiraddWidgetExtension.appex in Embed Foundation Extensions */,
			);
			name = "Embed Foundation Extensions";
			runOnlyForDeploymentPostprocessing = 0;
		};
/* End PBXCopyFilesBuildPhase section */

/* Begin PBXFileReference section */
		600EBC112BC8384E00AC5FBB /* SplashScreen.swift */ = {isa = PBXFileReference; lastKnownFileType = sourcecode.swift; path = SplashScreen.swift; sourceTree = "<group>"; };
		600EBC132BC83BED00AC5FBB /* Colors.swift */ = {isa = PBXFileReference; lastKnownFileType = sourcecode.swift; path = Colors.swift; sourceTree = "<group>"; };
		600EBC172BC83DAB00AC5FBB /* AuthorizationScreen.swift */ = {isa = PBXFileReference; lastKnownFileType = sourcecode.swift; path = AuthorizationScreen.swift; sourceTree = "<group>"; };
		600EBC3E2BC83F3300AC5FBB /* Info.plist */ = {isa = PBXFileReference; lastKnownFileType = text.plist; path = Info.plist; sourceTree = "<group>"; };
		600EBC452BC93C8C00AC5FBB /* ExtensionsView.swift */ = {isa = PBXFileReference; lastKnownFileType = sourcecode.swift; path = ExtensionsView.swift; sourceTree = "<group>"; };
		600EBC4A2BC9853400AC5FBB /* NavigationService.swift */ = {isa = PBXFileReference; lastKnownFileType = sourcecode.swift; path = NavigationService.swift; sourceTree = "<group>"; };
		600EBC4C2BC9861700AC5FBB /* Router.swift */ = {isa = PBXFileReference; lastKnownFileType = sourcecode.swift; path = Router.swift; sourceTree = "<group>"; };
		600EBC4F2BC98F0D00AC5FBB /* AuthorizationModel.swift */ = {isa = PBXFileReference; lastKnownFileType = sourcecode.swift; path = AuthorizationModel.swift; sourceTree = "<group>"; };
		602221822BE3E5D600AA1293 /* FavoritesSettings.swift */ = {isa = PBXFileReference; lastKnownFileType = sourcecode.swift; path = FavoritesSettings.swift; sourceTree = "<group>"; };
		603BA4392BE0E0B200DDC40A /* NotificationsModel.swift */ = {isa = PBXFileReference; lastKnownFileType = sourcecode.swift; path = NotificationsModel.swift; sourceTree = "<group>"; };
		603BA43B2BE0E4F500DDC40A /* FavoritesModel.swift */ = {isa = PBXFileReference; lastKnownFileType = sourcecode.swift; path = FavoritesModel.swift; sourceTree = "<group>"; };
		60727BE72BD005CC00A73DC2 /* CameraView.swift */ = {isa = PBXFileReference; lastKnownFileType = sourcecode.swift; path = CameraView.swift; sourceTree = "<group>"; };
		60727BE92BD04DF200A73DC2 /* ServiceScreen.swift */ = {isa = PBXFileReference; lastKnownFileType = sourcecode.swift; path = ServiceScreen.swift; sourceTree = "<group>"; };
		60727BEB2BD05A6800A73DC2 /* CustomBottomNavigationBar.swift */ = {isa = PBXFileReference; lastKnownFileType = sourcecode.swift; path = CustomBottomNavigationBar.swift; sourceTree = "<group>"; };
		60727BEE2BD072B500A73DC2 /* CardSettings.swift */ = {isa = PBXFileReference; lastKnownFileType = sourcecode.swift; path = CardSettings.swift; sourceTree = "<group>"; };
		60727BF02BD086A900A73DC2 /* SafeArea.swift */ = {isa = PBXFileReference; lastKnownFileType = sourcecode.swift; path = SafeArea.swift; sourceTree = "<group>"; };
		60727BF22BD08CAE00A73DC2 /* DetailsModel.swift */ = {isa = PBXFileReference; lastKnownFileType = sourcecode.swift; path = DetailsModel.swift; sourceTree = "<group>"; };
		60727BFF2BD25A0A00A73DC2 /* DeleteWidget.swift */ = {isa = PBXFileReference; lastKnownFileType = sourcecode.swift; path = DeleteWidget.swift; sourceTree = "<group>"; };
		60727C012BD2672300A73DC2 /* CustomAlertView.swift */ = {isa = PBXFileReference; lastKnownFileType = sourcecode.swift; path = CustomAlertView.swift; sourceTree = "<group>"; };
		60727C042BD2A81400A73DC2 /* View-CustomAlert.swift */ = {isa = PBXFileReference; lastKnownFileType = sourcecode.swift; path = "View-CustomAlert.swift"; sourceTree = "<group>"; };
		60727C072BD536A000A73DC2 /* CardBody.swift */ = {isa = PBXFileReference; lastKnownFileType = sourcecode.swift; path = CardBody.swift; sourceTree = "<group>"; };
		60727C092BD5373200A73DC2 /* CustomText.swift */ = {isa = PBXFileReference; lastKnownFileType = sourcecode.swift; path = CustomText.swift; sourceTree = "<group>"; };
		60727C0B2BD53ABA00A73DC2 /* SettingsScreen.swift */ = {isa = PBXFileReference; lastKnownFileType = sourcecode.swift; path = SettingsScreen.swift; sourceTree = "<group>"; };
		60727C0E2BD5409500A73DC2 /* SettingsTile.swift */ = {isa = PBXFileReference; lastKnownFileType = sourcecode.swift; path = SettingsTile.swift; sourceTree = "<group>"; };
		60727C112BD5A3BF00A73DC2 /* CirculationCreation.swift */ = {isa = PBXFileReference; lastKnownFileType = sourcecode.swift; path = CirculationCreation.swift; sourceTree = "<group>"; };
		60727C142BD60FEB00A73DC2 /* CustomButton.swift */ = {isa = PBXFileReference; lastKnownFileType = sourcecode.swift; path = CustomButton.swift; sourceTree = "<group>"; };
		60727C162BD610C700A73DC2 /* TicketModel.swift */ = {isa = PBXFileReference; lastKnownFileType = sourcecode.swift; path = TicketModel.swift; sourceTree = "<group>"; };
		60727C182BD617FC00A73DC2 /* ProfileSettings.swift */ = {isa = PBXFileReference; lastKnownFileType = sourcecode.swift; path = ProfileSettings.swift; sourceTree = "<group>"; };
		60727C1C2BD623BB00A73DC2 /* NotificationsScreen.swift */ = {isa = PBXFileReference; lastKnownFileType = sourcecode.swift; path = NotificationsScreen.swift; sourceTree = "<group>"; };
		60727C1E2BD7D06000A73DC2 /* CardWidget.swift */ = {isa = PBXFileReference; lastKnownFileType = sourcecode.swift; path = CardWidget.swift; sourceTree = "<group>"; };
		607A059B2BE53CAB00CA8A14 /* KeyboardReadable.swift */ = {isa = PBXFileReference; lastKnownFileType = sourcecode.swift; path = KeyboardReadable.swift; sourceTree = "<group>"; };
		607A059D2BE5A9D900CA8A14 /* smiradd.entitlements */ = {isa = PBXFileReference; lastKnownFileType = text.plist.entitlements; path = smiradd.entitlements; sourceTree = "<group>"; };
		607A05A22BE8C61300CA8A14 /* smiraddWidgetExtension.appex */ = {isa = PBXFileReference; explicitFileType = "wrapper.app-extension"; includeInIndex = 0; path = smiraddWidgetExtension.appex; sourceTree = BUILT_PRODUCTS_DIR; };
		607A05A42BE8C61300CA8A14 /* WidgetKit.framework */ = {isa = PBXFileReference; lastKnownFileType = wrapper.framework; name = WidgetKit.framework; path = System/Library/Frameworks/WidgetKit.framework; sourceTree = SDKROOT; };
		607A05A62BE8C61300CA8A14 /* SwiftUI.framework */ = {isa = PBXFileReference; lastKnownFileType = wrapper.framework; name = SwiftUI.framework; path = System/Library/Frameworks/SwiftUI.framework; sourceTree = SDKROOT; };
		607A05A92BE8C61300CA8A14 /* smiraddWidgetBundle.swift */ = {isa = PBXFileReference; lastKnownFileType = sourcecode.swift; path = smiraddWidgetBundle.swift; sourceTree = "<group>"; };
		607A05AB2BE8C61300CA8A14 /* smiraddWidgetLiveActivity.swift */ = {isa = PBXFileReference; lastKnownFileType = sourcecode.swift; path = smiraddWidgetLiveActivity.swift; sourceTree = "<group>"; };
		607A05AD2BE8C61300CA8A14 /* smiraddWidget.swift */ = {isa = PBXFileReference; lastKnownFileType = sourcecode.swift; path = smiraddWidget.swift; sourceTree = "<group>"; };
		607A05AF2BE8C61300CA8A14 /* AppIntent.swift */ = {isa = PBXFileReference; lastKnownFileType = sourcecode.swift; path = AppIntent.swift; sourceTree = "<group>"; };
		607A05B12BE8C61500CA8A14 /* Assets.xcassets */ = {isa = PBXFileReference; lastKnownFileType = folder.assetcatalog; path = Assets.xcassets; sourceTree = "<group>"; };
		607A05B32BE8C61500CA8A14 /* Info.plist */ = {isa = PBXFileReference; lastKnownFileType = text.plist.xml; path = Info.plist; sourceTree = "<group>"; };
		607A06092BE90FB700CA8A14 /* OpenSans-Medium.ttf */ = {isa = PBXFileReference; lastKnownFileType = file; name = "OpenSans-Medium.ttf"; path = "smiradd/Fonts/OpenSans-Medium.ttf"; sourceTree = SOURCE_ROOT; };
		607A060A2BE90FB700CA8A14 /* OpenSans-SemiBold.ttf */ = {isa = PBXFileReference; lastKnownFileType = file; name = "OpenSans-SemiBold.ttf"; path = "smiradd/Fonts/OpenSans-SemiBold.ttf"; sourceTree = SOURCE_ROOT; };
		607A060B2BE90FB700CA8A14 /* OpenSans-Regular.ttf */ = {isa = PBXFileReference; lastKnownFileType = file; name = "OpenSans-Regular.ttf"; path = "smiradd/Fonts/OpenSans-Regular.ttf"; sourceTree = SOURCE_ROOT; };
		607A060C2BE90FB700CA8A14 /* OpenSans-Bold.ttf */ = {isa = PBXFileReference; lastKnownFileType = file; name = "OpenSans-Bold.ttf"; path = "smiradd/Fonts/OpenSans-Bold.ttf"; sourceTree = SOURCE_ROOT; };
		607A06112BE90FDD00CA8A14 /* Roboto-Bold.ttf */ = {isa = PBXFileReference; lastKnownFileType = file; path = "Roboto-Bold.ttf"; sourceTree = "<group>"; };
		607A06122BE90FDD00CA8A14 /* Roboto-Medium.ttf */ = {isa = PBXFileReference; lastKnownFileType = file; path = "Roboto-Medium.ttf"; sourceTree = "<group>"; };
		607A06132BE90FDD00CA8A14 /* Roboto-Regular.ttf */ = {isa = PBXFileReference; lastKnownFileType = file; path = "Roboto-Regular.ttf"; sourceTree = "<group>"; };
		60A212572BCAE28D002A1301 /* NetworkingScreen.swift */ = {isa = PBXFileReference; lastKnownFileType = sourcecode.swift; path = NetworkingScreen.swift; sourceTree = "<group>"; };
		60A2125A2BCAE2B5002A1301 /* FavoritesScreen.swift */ = {isa = PBXFileReference; lastKnownFileType = sourcecode.swift; path = FavoritesScreen.swift; sourceTree = "<group>"; };
		60A2125D2BCAF265002A1301 /* ProfileScreen.swift */ = {isa = PBXFileReference; lastKnownFileType = sourcecode.swift; path = ProfileScreen.swift; sourceTree = "<group>"; };
		60A2125F2BCAF38F002A1301 /* ExtensionsUIImage.swift */ = {isa = PBXFileReference; lastKnownFileType = sourcecode.swift; path = ExtensionsUIImage.swift; sourceTree = "<group>"; };
		60A212762BCBAEA1002A1301 /* FilterScreen.swift */ = {isa = PBXFileReference; lastKnownFileType = sourcecode.swift; path = FilterScreen.swift; sourceTree = "<group>"; };
		60A2127C2BCBBC63002A1301 /* CustomWidget.swift */ = {isa = PBXFileReference; lastKnownFileType = sourcecode.swift; path = CustomWidget.swift; sourceTree = "<group>"; };
		60A2127E2BCBBD4B002A1301 /* NetworkingCard.swift */ = {isa = PBXFileReference; lastKnownFileType = sourcecode.swift; path = NetworkingCard.swift; sourceTree = "<group>"; };
		60A212802BCBC23A002A1301 /* CardModel.swift */ = {isa = PBXFileReference; lastKnownFileType = sourcecode.swift; path = CardModel.swift; sourceTree = "<group>"; };
		60D069222BD8F8B700653AF0 /* GoogleService-Info.plist */ = {isa = PBXFileReference; fileEncoding = 4; lastKnownFileType = text.plist.xml; name = "GoogleService-Info.plist"; path = "../../../../Downloads/GoogleService-Info.plist"; sourceTree = "<group>"; };
		60D069272BD8FBEF00653AF0 /* AuthService.swift */ = {isa = PBXFileReference; lastKnownFileType = sourcecode.swift; path = AuthService.swift; sourceTree = "<group>"; };
		60D0692D2BD930DE00653AF0 /* CardScreen.swift */ = {isa = PBXFileReference; lastKnownFileType = sourcecode.swift; path = CardScreen.swift; sourceTree = "<group>"; };
		60D0692F2BD932D600653AF0 /* CardTile.swift */ = {isa = PBXFileReference; lastKnownFileType = sourcecode.swift; path = CardTile.swift; sourceTree = "<group>"; };
		60D069322BD9346300653AF0 /* CardLogo.swift */ = {isa = PBXFileReference; lastKnownFileType = sourcecode.swift; path = CardLogo.swift; sourceTree = "<group>"; };
		60D069342BD9356300653AF0 /* CardBio.swift */ = {isa = PBXFileReference; lastKnownFileType = sourcecode.swift; path = CardBio.swift; sourceTree = "<group>"; };
		60D069362BDA476600653AF0 /* CustomIcon.swift */ = {isa = PBXFileReference; lastKnownFileType = sourcecode.swift; path = CustomIcon.swift; sourceTree = "<group>"; };
		60D069382BDA668800653AF0 /* CardTemplate.swift */ = {isa = PBXFileReference; lastKnownFileType = sourcecode.swift; path = CardTemplate.swift; sourceTree = "<group>"; };
		60D0693D2BDBC7B800653AF0 /* CardAchievement.swift */ = {isa = PBXFileReference; lastKnownFileType = sourcecode.swift; path = CardAchievement.swift; sourceTree = "<group>"; };
		60D0693F2BDBC88D00653AF0 /* CardService.swift */ = {isa = PBXFileReference; lastKnownFileType = sourcecode.swift; path = CardService.swift; sourceTree = "<group>"; };
		60D069412BDBC8EC00653AF0 /* CardEditBody.swift */ = {isa = PBXFileReference; lastKnownFileType = sourcecode.swift; path = CardEditBody.swift; sourceTree = "<group>"; };
		60D069432BDBD69900653AF0 /* CustomFormatter.swift */ = {isa = PBXFileReference; lastKnownFileType = sourcecode.swift; path = CustomFormatter.swift; sourceTree = "<group>"; };
		60D069452BDC3A8F00653AF0 /* DeleteModel.swift */ = {isa = PBXFileReference; lastKnownFileType = sourcecode.swift; path = DeleteModel.swift; sourceTree = "<group>"; };
		60D069472BDC4B7F00653AF0 /* ExpandableText.swift */ = {isa = PBXFileReference; lastKnownFileType = sourcecode.swift; path = ExpandableText.swift; sourceTree = "<group>"; };
		60D0694B2BDD777A00653AF0 /* LocationManager.swift */ = {isa = PBXFileReference; lastKnownFileType = sourcecode.swift; path = LocationManager.swift; sourceTree = "<group>"; };
		60D0694D2BDD7BD200653AF0 /* LocationModel.swift */ = {isa = PBXFileReference; lastKnownFileType = sourcecode.swift; path = LocationModel.swift; sourceTree = "<group>"; };
		60D0694F2BDD972100653AF0 /* QRCodeScreen.swift */ = {isa = PBXFileReference; lastKnownFileType = sourcecode.swift; path = QRCodeScreen.swift; sourceTree = "<group>"; };
		60D069512BDF868000653AF0 /* BackButton.swift */ = {isa = PBXFileReference; lastKnownFileType = sourcecode.swift; path = BackButton.swift; sourceTree = "<group>"; };
		60D069532BDFCB0B00653AF0 /* DetailModel.swift */ = {isa = PBXFileReference; lastKnownFileType = sourcecode.swift; path = DetailModel.swift; sourceTree = "<group>"; };
		60D069552BDFD38D00653AF0 /* TutorialScreen.swift */ = {isa = PBXFileReference; lastKnownFileType = sourcecode.swift; path = TutorialScreen.swift; sourceTree = "<group>"; };
		60D8A2D82BCBD50E0077F7DC /* CustomRequest.swift */ = {isa = PBXFileReference; lastKnownFileType = sourcecode.swift; path = CustomRequest.swift; sourceTree = "<group>"; };
		60D8A2DA2BCBD56A0077F7DC /* Enums.swift */ = {isa = PBXFileReference; lastKnownFileType = sourcecode.swift; path = Enums.swift; sourceTree = "<group>"; };
		60D8A2DC2BCBE5DF0077F7DC /* ProfileModel.swift */ = {isa = PBXFileReference; lastKnownFileType = sourcecode.swift; path = ProfileModel.swift; sourceTree = "<group>"; };
		60D8A2DF2BCD1ED10077F7DC /* CustomTextField.swift */ = {isa = PBXFileReference; lastKnownFileType = sourcecode.swift; path = CustomTextField.swift; sourceTree = "<group>"; };
		60D8A2E12BCD23D40077F7DC /* SpecificityModel.swift */ = {isa = PBXFileReference; lastKnownFileType = sourcecode.swift; path = SpecificityModel.swift; sourceTree = "<group>"; };
		60D8A2E32BCD2A380077F7DC /* PhoneAddressFormatter.swift */ = {isa = PBXFileReference; lastKnownFileType = sourcecode.swift; path = PhoneAddressFormatter.swift; sourceTree = "<group>"; };
		60D8A2E52BCDB5BF0077F7DC /* MyCard.swift */ = {isa = PBXFileReference; lastKnownFileType = sourcecode.swift; path = MyCard.swift; sourceTree = "<group>"; };
		60D8A2E82BCE68910077F7DC /* TemplatesScreen.swift */ = {isa = PBXFileReference; lastKnownFileType = sourcecode.swift; path = TemplatesScreen.swift; sourceTree = "<group>"; };
		60D8A2EA2BCE69780077F7DC /* TemplateModel.swift */ = {isa = PBXFileReference; lastKnownFileType = sourcecode.swift; path = TemplateModel.swift; sourceTree = "<group>"; };
		60D8A2EC2BCE6EF80077F7DC /* CustomAppBar.swift */ = {isa = PBXFileReference; lastKnownFileType = sourcecode.swift; path = CustomAppBar.swift; sourceTree = "<group>"; };
		60D8A2EE2BCE72670077F7DC /* AchievementScreen.swift */ = {isa = PBXFileReference; lastKnownFileType = sourcecode.swift; path = AchievementScreen.swift; sourceTree = "<group>"; };
		60D8A2F02BCE79680077F7DC /* SaveButton.swift */ = {isa = PBXFileReference; lastKnownFileType = sourcecode.swift; path = SaveButton.swift; sourceTree = "<group>"; };
		60EF5D682BC09EC400DCDD97 /* smiradd.app */ = {isa = PBXFileReference; explicitFileType = wrapper.application; includeInIndex = 0; path = smiradd.app; sourceTree = BUILT_PRODUCTS_DIR; };
		60EF5D6B2BC09EC400DCDD97 /* smiraddApp.swift */ = {isa = PBXFileReference; lastKnownFileType = sourcecode.swift; path = smiraddApp.swift; sourceTree = "<group>"; };
		60EF5D6F2BC09EC500DCDD97 /* Assets.xcassets */ = {isa = PBXFileReference; lastKnownFileType = folder.assetcatalog; path = Assets.xcassets; sourceTree = "<group>"; };
		60EF5D722BC09EC500DCDD97 /* Preview Assets.xcassets */ = {isa = PBXFileReference; lastKnownFileType = folder.assetcatalog; path = "Preview Assets.xcassets"; sourceTree = "<group>"; };
		60EF5D782BC09EC500DCDD97 /* smiraddTests.xctest */ = {isa = PBXFileReference; explicitFileType = wrapper.cfbundle; includeInIndex = 0; path = smiraddTests.xctest; sourceTree = BUILT_PRODUCTS_DIR; };
		60EF5D7C2BC09EC500DCDD97 /* smiraddTests.swift */ = {isa = PBXFileReference; lastKnownFileType = sourcecode.swift; path = smiraddTests.swift; sourceTree = "<group>"; };
		60EF5D822BC09EC500DCDD97 /* smiraddUITests.xctest */ = {isa = PBXFileReference; explicitFileType = wrapper.cfbundle; includeInIndex = 0; path = smiraddUITests.xctest; sourceTree = BUILT_PRODUCTS_DIR; };
		60EF5D862BC09EC500DCDD97 /* smiraddUITests.swift */ = {isa = PBXFileReference; lastKnownFileType = sourcecode.swift; path = smiraddUITests.swift; sourceTree = "<group>"; };
		60EF5D882BC09EC500DCDD97 /* smiraddUITestsLaunchTests.swift */ = {isa = PBXFileReference; lastKnownFileType = sourcecode.swift; path = smiraddUITestsLaunchTests.swift; sourceTree = "<group>"; };
/* End PBXFileReference section */

/* Begin PBXFrameworksBuildPhase section */
		607A059F2BE8C61300CA8A14 /* Frameworks */ = {
			isa = PBXFrameworksBuildPhase;
			buildActionMask = 2147483647;
			files = (
				607A05A72BE8C61300CA8A14 /* SwiftUI.framework in Frameworks */,
				607A05A52BE8C61300CA8A14 /* WidgetKit.framework in Frameworks */,
			);
			runOnlyForDeploymentPostprocessing = 0;
		};
		60EF5D652BC09EC400DCDD97 /* Frameworks */ = {
			isa = PBXFrameworksBuildPhase;
			buildActionMask = 2147483647;
			files = (
				60D0694A2BDD3F0100653AF0 /* FirebaseMessaging in Frameworks */,
				60D069262BD8FA9B00653AF0 /* GoogleSignInSwift in Frameworks */,
				60727C222BD7D96D00A73DC2 /* CardStack in Frameworks */,
				60D0691F2BD8F56400653AF0 /* FirebaseAuth in Frameworks */,
				602221862BE4C96C00AA1293 /* CodeScanner in Frameworks */,
			);
			runOnlyForDeploymentPostprocessing = 0;
		};
		60EF5D752BC09EC500DCDD97 /* Frameworks */ = {
			isa = PBXFrameworksBuildPhase;
			buildActionMask = 2147483647;
			files = (
			);
			runOnlyForDeploymentPostprocessing = 0;
		};
		60EF5D7F2BC09EC500DCDD97 /* Frameworks */ = {
			isa = PBXFrameworksBuildPhase;
			buildActionMask = 2147483647;
			files = (
			);
			runOnlyForDeploymentPostprocessing = 0;
		};
/* End PBXFrameworksBuildPhase section */

/* Begin PBXGroup section */
		600EBC192BC83ED400AC5FBB /* Fonts */ = {
			isa = PBXGroup;
			children = (
				607A06112BE90FDD00CA8A14 /* Roboto-Bold.ttf */,
				607A06122BE90FDD00CA8A14 /* Roboto-Medium.ttf */,
				607A06132BE90FDD00CA8A14 /* Roboto-Regular.ttf */,
				607A060C2BE90FB700CA8A14 /* OpenSans-Bold.ttf */,
				607A06092BE90FB700CA8A14 /* OpenSans-Medium.ttf */,
				607A060B2BE90FB700CA8A14 /* OpenSans-Regular.ttf */,
				607A060A2BE90FB700CA8A14 /* OpenSans-SemiBold.ttf */,
			);
			path = Fonts;
			sourceTree = "<group>";
		};
		600EBC472BC93CA800AC5FBB /* Extensions */ = {
			isa = PBXGroup;
			children = (
				600EBC452BC93C8C00AC5FBB /* ExtensionsView.swift */,
				60A2125F2BCAF38F002A1301 /* ExtensionsUIImage.swift */,
			);
			path = Extensions;
			sourceTree = "<group>";
		};
		600EBC4E2BC98EF500AC5FBB /* Models */ = {
			isa = PBXGroup;
			children = (
				600EBC4F2BC98F0D00AC5FBB /* AuthorizationModel.swift */,
				60A212802BCBC23A002A1301 /* CardModel.swift */,
				60D8A2DC2BCBE5DF0077F7DC /* ProfileModel.swift */,
				60D8A2E12BCD23D40077F7DC /* SpecificityModel.swift */,
				60D8A2EA2BCE69780077F7DC /* TemplateModel.swift */,
				60727BF22BD08CAE00A73DC2 /* DetailsModel.swift */,
				60727C162BD610C700A73DC2 /* TicketModel.swift */,
				60D069452BDC3A8F00653AF0 /* DeleteModel.swift */,
				60D0694D2BDD7BD200653AF0 /* LocationModel.swift */,
				60D069532BDFCB0B00653AF0 /* DetailModel.swift */,
				603BA4392BE0E0B200DDC40A /* NotificationsModel.swift */,
				603BA43B2BE0E4F500DDC40A /* FavoritesModel.swift */,
			);
			path = Models;
			sourceTree = "<group>";
		};
		60727BED2BD072A000A73DC2 /* Settings */ = {
			isa = PBXGroup;
			children = (
				60727BEE2BD072B500A73DC2 /* CardSettings.swift */,
				60727C182BD617FC00A73DC2 /* ProfileSettings.swift */,
				60D0694B2BDD777A00653AF0 /* LocationManager.swift */,
				602221822BE3E5D600AA1293 /* FavoritesSettings.swift */,
			);
			path = Settings;
			sourceTree = "<group>";
		};
		60727C032BD2A7FB00A73DC2 /* CustomAlert */ = {
			isa = PBXGroup;
			children = (
				60727C012BD2672300A73DC2 /* CustomAlertView.swift */,
				60727C042BD2A81400A73DC2 /* View-CustomAlert.swift */,
			);
			path = CustomAlert;
			sourceTree = "<group>";
		};
		60727C062BD5368800A73DC2 /* Card */ = {
			isa = PBXGroup;
			children = (
				60D0693C2BDBC79D00653AF0 /* CardScreen */,
				60D069312BD9341B00653AF0 /* CardWidget */,
			);
			path = Card;
			sourceTree = "<group>";
		};
		60727C0D2BD5408A00A73DC2 /* Profile */ = {
			isa = PBXGroup;
			children = (
				60727C0E2BD5409500A73DC2 /* SettingsTile.swift */,
			);
			path = Profile;
			sourceTree = "<group>";
		};
		60727C102BD5A2F500A73DC2 /* Sheets */ = {
			isa = PBXGroup;
			children = (
				60727C112BD5A3BF00A73DC2 /* CirculationCreation.swift */,
			);
			path = Sheets;
			sourceTree = "<group>";
		};
		60727C132BD60FDB00A73DC2 /* CustomButtons */ = {
			isa = PBXGroup;
			children = (
				60D8A2F02BCE79680077F7DC /* SaveButton.swift */,
				60727C142BD60FEB00A73DC2 /* CustomButton.swift */,
				60D069512BDF868000653AF0 /* BackButton.swift */,
			);
			path = CustomButtons;
			sourceTree = "<group>";
		};
		607A05A32BE8C61300CA8A14 /* Frameworks */ = {
			isa = PBXGroup;
			children = (
				607A05A42BE8C61300CA8A14 /* WidgetKit.framework */,
				607A05A62BE8C61300CA8A14 /* SwiftUI.framework */,
			);
			name = Frameworks;
			sourceTree = "<group>";
		};
		607A05A82BE8C61300CA8A14 /* smiraddWidget */ = {
			isa = PBXGroup;
			children = (
				607A05A92BE8C61300CA8A14 /* smiraddWidgetBundle.swift */,
				607A05AB2BE8C61300CA8A14 /* smiraddWidgetLiveActivity.swift */,
				607A05AD2BE8C61300CA8A14 /* smiraddWidget.swift */,
				607A05AF2BE8C61300CA8A14 /* AppIntent.swift */,
				607A05B12BE8C61500CA8A14 /* Assets.xcassets */,
				607A05B32BE8C61500CA8A14 /* Info.plist */,
			);
			path = smiraddWidget;
			sourceTree = "<group>";
		};
		60A212592BCAE295002A1301 /* Home */ = {
			isa = PBXGroup;
			children = (
				60D8A2E72BCE687F0077F7DC /* Card */,
				60A212732BCBAE2C002A1301 /* Favorites */,
				60A212722BCBAE16002A1301 /* Profile */,
				60A212712BCBADF5002A1301 /* Networking */,
			);
			path = Home;
			sourceTree = "<group>";
		};
		60A2125C2BCAE2BE002A1301 /* Screens */ = {
			isa = PBXGroup;
			children = (
				600EBC112BC8384E00AC5FBB /* SplashScreen.swift */,
				600EBC172BC83DAB00AC5FBB /* AuthorizationScreen.swift */,
				60A212592BCAE295002A1301 /* Home */,
				60727BE72BD005CC00A73DC2 /* CameraView.swift */,
				60D069552BDFD38D00653AF0 /* TutorialScreen.swift */,
			);
			path = Screens;
			sourceTree = "<group>";
		};
		60A212712BCBADF5002A1301 /* Networking */ = {
			isa = PBXGroup;
			children = (
				60A212572BCAE28D002A1301 /* NetworkingScreen.swift */,
			);
			path = Networking;
			sourceTree = "<group>";
		};
		60A212722BCBAE16002A1301 /* Profile */ = {
			isa = PBXGroup;
			children = (
				60A2125D2BCAF265002A1301 /* ProfileScreen.swift */,
				60727C0B2BD53ABA00A73DC2 /* SettingsScreen.swift */,
				60727C1C2BD623BB00A73DC2 /* NotificationsScreen.swift */,
				60D0694F2BDD972100653AF0 /* QRCodeScreen.swift */,
			);
			path = Profile;
			sourceTree = "<group>";
		};
		60A212732BCBAE2C002A1301 /* Favorites */ = {
			isa = PBXGroup;
			children = (
				60A2125A2BCAE2B5002A1301 /* FavoritesScreen.swift */,
				60A212762BCBAEA1002A1301 /* FilterScreen.swift */,
			);
			path = Favorites;
			sourceTree = "<group>";
		};
		60A2127B2BCBBC37002A1301 /* Widgets */ = {
			isa = PBXGroup;
			children = (
				60727C132BD60FDB00A73DC2 /* CustomButtons */,
				60727C102BD5A2F500A73DC2 /* Sheets */,
				60727C0D2BD5408A00A73DC2 /* Profile */,
				60727C062BD5368800A73DC2 /* Card */,
				60A2127C2BCBBC63002A1301 /* CustomWidget.swift */,
				60A2127E2BCBBD4B002A1301 /* NetworkingCard.swift */,
				60D8A2DF2BCD1ED10077F7DC /* CustomTextField.swift */,
				60D8A2E52BCDB5BF0077F7DC /* MyCard.swift */,
				60D8A2EC2BCE6EF80077F7DC /* CustomAppBar.swift */,
				60727BEB2BD05A6800A73DC2 /* CustomBottomNavigationBar.swift */,
				60727BFF2BD25A0A00A73DC2 /* DeleteWidget.swift */,
				60727C092BD5373200A73DC2 /* CustomText.swift */,
				60D069362BDA476600653AF0 /* CustomIcon.swift */,
			);
			path = Widgets;
			sourceTree = "<group>";
		};
		60D069292BD92EEC00653AF0 /* CardEditBody */ = {
			isa = PBXGroup;
			children = (
				60D069382BDA668800653AF0 /* CardTemplate.swift */,
				60D069412BDBC8EC00653AF0 /* CardEditBody.swift */,
			);
			path = CardEditBody;
			sourceTree = "<group>";
		};
		60D0692A2BD92EF400653AF0 /* CardBody */ = {
			isa = PBXGroup;
			children = (
				60727C072BD536A000A73DC2 /* CardBody.swift */,
				60D0692F2BD932D600653AF0 /* CardTile.swift */,
			);
			path = CardBody;
			sourceTree = "<group>";
		};
		60D069312BD9341B00653AF0 /* CardWidget */ = {
			isa = PBXGroup;
			children = (
				60727C1E2BD7D06000A73DC2 /* CardWidget.swift */,
				60D069322BD9346300653AF0 /* CardLogo.swift */,
				60D069342BD9356300653AF0 /* CardBio.swift */,
			);
			path = CardWidget;
			sourceTree = "<group>";
		};
		60D0693C2BDBC79D00653AF0 /* CardScreen */ = {
			isa = PBXGroup;
			children = (
				60D0692A2BD92EF400653AF0 /* CardBody */,
				60D069292BD92EEC00653AF0 /* CardEditBody */,
				60D0693D2BDBC7B800653AF0 /* CardAchievement.swift */,
				60D0693F2BDBC88D00653AF0 /* CardService.swift */,
			);
			path = CardScreen;
			sourceTree = "<group>";
		};
		60D8A2D72BCBD4FD0077F7DC /* Utils */ = {
			isa = PBXGroup;
			children = (
				60727C032BD2A7FB00A73DC2 /* CustomAlert */,
				60D8A2D82BCBD50E0077F7DC /* CustomRequest.swift */,
				60D8A2E32BCD2A380077F7DC /* PhoneAddressFormatter.swift */,
				60727BF02BD086A900A73DC2 /* SafeArea.swift */,
				60D069432BDBD69900653AF0 /* CustomFormatter.swift */,
				60D069472BDC4B7F00653AF0 /* ExpandableText.swift */,
				607A059B2BE53CAB00CA8A14 /* KeyboardReadable.swift */,
			);
			path = Utils;
			sourceTree = "<group>";
		};
		60D8A2E72BCE687F0077F7DC /* Card */ = {
			isa = PBXGroup;
			children = (
				60D8A2E82BCE68910077F7DC /* TemplatesScreen.swift */,
				60D8A2EE2BCE72670077F7DC /* AchievementScreen.swift */,
				60727BE92BD04DF200A73DC2 /* ServiceScreen.swift */,
				60D0692D2BD930DE00653AF0 /* CardScreen.swift */,
			);
			path = Card;
			sourceTree = "<group>";
		};
		60EF5D5F2BC09EC400DCDD97 = {
			isa = PBXGroup;
			children = (
				60EF5D6A2BC09EC400DCDD97 /* smiradd */,
				60EF5D7B2BC09EC500DCDD97 /* smiraddTests */,
				60EF5D852BC09EC500DCDD97 /* smiraddUITests */,
				607A05A82BE8C61300CA8A14 /* smiraddWidget */,
				607A05A32BE8C61300CA8A14 /* Frameworks */,
				60EF5D692BC09EC400DCDD97 /* Products */,
			);
			sourceTree = "<group>";
		};
		60EF5D692BC09EC400DCDD97 /* Products */ = {
			isa = PBXGroup;
			children = (
				60EF5D682BC09EC400DCDD97 /* smiradd.app */,
				60EF5D782BC09EC500DCDD97 /* smiraddTests.xctest */,
				60EF5D822BC09EC500DCDD97 /* smiraddUITests.xctest */,
				607A05A22BE8C61300CA8A14 /* smiraddWidgetExtension.appex */,
			);
			name = Products;
			sourceTree = "<group>";
		};
		60EF5D6A2BC09EC400DCDD97 /* smiradd */ = {
			isa = PBXGroup;
			children = (
				607A059D2BE5A9D900CA8A14 /* smiradd.entitlements */,
				60D069222BD8F8B700653AF0 /* GoogleService-Info.plist */,
				60727BED2BD072A000A73DC2 /* Settings */,
				60D8A2D72BCBD4FD0077F7DC /* Utils */,
				60A2127B2BCBBC37002A1301 /* Widgets */,
				60EF5D6B2BC09EC400DCDD97 /* smiraddApp.swift */,
				60A2125C2BCAE2BE002A1301 /* Screens */,
				600EBC4E2BC98EF500AC5FBB /* Models */,
				600EBC472BC93CA800AC5FBB /* Extensions */,
				600EBC3E2BC83F3300AC5FBB /* Info.plist */,
				600EBC192BC83ED400AC5FBB /* Fonts */,
				60EF5D6F2BC09EC500DCDD97 /* Assets.xcassets */,
				60EF5D712BC09EC500DCDD97 /* Preview Content */,
				600EBC4A2BC9853400AC5FBB /* NavigationService.swift */,
				600EBC132BC83BED00AC5FBB /* Colors.swift */,
				600EBC4C2BC9861700AC5FBB /* Router.swift */,
				60D8A2DA2BCBD56A0077F7DC /* Enums.swift */,
				60D069272BD8FBEF00653AF0 /* AuthService.swift */,
			);
			path = smiradd;
			sourceTree = "<group>";
		};
		60EF5D712BC09EC500DCDD97 /* Preview Content */ = {
			isa = PBXGroup;
			children = (
				60EF5D722BC09EC500DCDD97 /* Preview Assets.xcassets */,
			);
			path = "Preview Content";
			sourceTree = "<group>";
		};
		60EF5D7B2BC09EC500DCDD97 /* smiraddTests */ = {
			isa = PBXGroup;
			children = (
				60EF5D7C2BC09EC500DCDD97 /* smiraddTests.swift */,
			);
			path = smiraddTests;
			sourceTree = "<group>";
		};
		60EF5D852BC09EC500DCDD97 /* smiraddUITests */ = {
			isa = PBXGroup;
			children = (
				60EF5D862BC09EC500DCDD97 /* smiraddUITests.swift */,
				60EF5D882BC09EC500DCDD97 /* smiraddUITestsLaunchTests.swift */,
			);
			path = smiraddUITests;
			sourceTree = "<group>";
		};
/* End PBXGroup section */

/* Begin PBXNativeTarget section */
		607A05A12BE8C61300CA8A14 /* smiraddWidgetExtension */ = {
			isa = PBXNativeTarget;
			buildConfigurationList = 607A05B72BE8C61500CA8A14 /* Build configuration list for PBXNativeTarget "smiraddWidgetExtension" */;
			buildPhases = (
				607A059E2BE8C61300CA8A14 /* Sources */,
				607A059F2BE8C61300CA8A14 /* Frameworks */,
				607A05A02BE8C61300CA8A14 /* Resources */,
			);
			buildRules = (
			);
			dependencies = (
			);
			name = smiraddWidgetExtension;
			productName = smiraddWidgetExtension;
			productReference = 607A05A22BE8C61300CA8A14 /* smiraddWidgetExtension.appex */;
			productType = "com.apple.product-type.app-extension";
		};
		60EF5D672BC09EC400DCDD97 /* smiradd */ = {
			isa = PBXNativeTarget;
			buildConfigurationList = 60EF5D8C2BC09EC500DCDD97 /* Build configuration list for PBXNativeTarget "smiradd" */;
			buildPhases = (
				60EF5D642BC09EC400DCDD97 /* Sources */,
				60EF5D652BC09EC400DCDD97 /* Frameworks */,
				60EF5D662BC09EC400DCDD97 /* Resources */,
				607A05BA2BE8C61500CA8A14 /* Embed Foundation Extensions */,
			);
			buildRules = (
			);
			dependencies = (
				607A05B52BE8C61500CA8A14 /* PBXTargetDependency */,
			);
			name = smiradd;
			packageProductDependencies = (
				60727C212BD7D96D00A73DC2 /* CardStack */,
				60D0691E2BD8F56400653AF0 /* FirebaseAuth */,
				60D069252BD8FA9B00653AF0 /* GoogleSignInSwift */,
				60D069492BDD3F0100653AF0 /* FirebaseMessaging */,
				602221852BE4C96C00AA1293 /* CodeScanner */,
			);
			productName = smiradd;
			productReference = 60EF5D682BC09EC400DCDD97 /* smiradd.app */;
			productType = "com.apple.product-type.application";
		};
		60EF5D772BC09EC500DCDD97 /* smiraddTests */ = {
			isa = PBXNativeTarget;
			buildConfigurationList = 60EF5D8F2BC09EC500DCDD97 /* Build configuration list for PBXNativeTarget "smiraddTests" */;
			buildPhases = (
				60EF5D742BC09EC500DCDD97 /* Sources */,
				60EF5D752BC09EC500DCDD97 /* Frameworks */,
				60EF5D762BC09EC500DCDD97 /* Resources */,
			);
			buildRules = (
			);
			dependencies = (
				60EF5D7A2BC09EC500DCDD97 /* PBXTargetDependency */,
			);
			name = smiraddTests;
			productName = smiraddTests;
			productReference = 60EF5D782BC09EC500DCDD97 /* smiraddTests.xctest */;
			productType = "com.apple.product-type.bundle.unit-test";
		};
		60EF5D812BC09EC500DCDD97 /* smiraddUITests */ = {
			isa = PBXNativeTarget;
			buildConfigurationList = 60EF5D922BC09EC500DCDD97 /* Build configuration list for PBXNativeTarget "smiraddUITests" */;
			buildPhases = (
				60EF5D7E2BC09EC500DCDD97 /* Sources */,
				60EF5D7F2BC09EC500DCDD97 /* Frameworks */,
				60EF5D802BC09EC500DCDD97 /* Resources */,
			);
			buildRules = (
			);
			dependencies = (
				60EF5D842BC09EC500DCDD97 /* PBXTargetDependency */,
			);
			name = smiraddUITests;
			productName = smiraddUITests;
			productReference = 60EF5D822BC09EC500DCDD97 /* smiraddUITests.xctest */;
			productType = "com.apple.product-type.bundle.ui-testing";
		};
/* End PBXNativeTarget section */

/* Begin PBXProject section */
		60EF5D602BC09EC400DCDD97 /* Project object */ = {
			isa = PBXProject;
			attributes = {
				BuildIndependentTargetsInParallel = 1;
				LastSwiftUpdateCheck = 1530;
				LastUpgradeCheck = 1530;
				TargetAttributes = {
					607A05A12BE8C61300CA8A14 = {
						CreatedOnToolsVersion = 15.3;
					};
					60EF5D672BC09EC400DCDD97 = {
						CreatedOnToolsVersion = 15.3;
					};
					60EF5D772BC09EC500DCDD97 = {
						CreatedOnToolsVersion = 15.3;
						TestTargetID = 60EF5D672BC09EC400DCDD97;
					};
					60EF5D812BC09EC500DCDD97 = {
						CreatedOnToolsVersion = 15.3;
						TestTargetID = 60EF5D672BC09EC400DCDD97;
					};
				};
			};
			buildConfigurationList = 60EF5D632BC09EC400DCDD97 /* Build configuration list for PBXProject "smiradd" */;
			compatibilityVersion = "Xcode 14.0";
			developmentRegion = ru;
			hasScannedForEncodings = 0;
			knownRegions = (
				en,
				Base,
				ru,
			);
			mainGroup = 60EF5D5F2BC09EC400DCDD97;
			packageReferences = (
				60727C202BD7D96D00A73DC2 /* XCRemoteSwiftPackageReference "mobile-ios-package-CardStackView" */,
				60D0691D2BD8F56400653AF0 /* XCRemoteSwiftPackageReference "firebase-ios-sdk" */,
				60D069242BD8FA9B00653AF0 /* XCRemoteSwiftPackageReference "GoogleSignIn-iOS" */,
				602221842BE4C96C00AA1293 /* XCRemoteSwiftPackageReference "CodeScanner" */,
			);
			productRefGroup = 60EF5D692BC09EC400DCDD97 /* Products */;
			projectDirPath = "";
			projectRoot = "";
			targets = (
				60EF5D672BC09EC400DCDD97 /* smiradd */,
				60EF5D772BC09EC500DCDD97 /* smiraddTests */,
				60EF5D812BC09EC500DCDD97 /* smiraddUITests */,
				607A05A12BE8C61300CA8A14 /* smiraddWidgetExtension */,
			);
		};
/* End PBXProject section */

/* Begin PBXResourcesBuildPhase section */
		607A05A02BE8C61300CA8A14 /* Resources */ = {
			isa = PBXResourcesBuildPhase;
			buildActionMask = 2147483647;
			files = (
				607A05B22BE8C61500CA8A14 /* Assets.xcassets in Resources */,
			);
			runOnlyForDeploymentPostprocessing = 0;
		};
		60EF5D662BC09EC400DCDD97 /* Resources */ = {
			isa = PBXResourcesBuildPhase;
			buildActionMask = 2147483647;
			files = (
				607A060D2BE90FB700CA8A14 /* OpenSans-Medium.ttf in Resources */,
				607A06102BE90FB700CA8A14 /* OpenSans-Bold.ttf in Resources */,
				607A06162BE90FDD00CA8A14 /* Roboto-Regular.ttf in Resources */,
				60D069232BD8F8B700653AF0 /* GoogleService-Info.plist in Resources */,
				607A060E2BE90FB700CA8A14 /* OpenSans-SemiBold.ttf in Resources */,
				60EF5D732BC09EC500DCDD97 /* Preview Assets.xcassets in Resources */,
				607A060F2BE90FB700CA8A14 /* OpenSans-Regular.ttf in Resources */,
				607A06142BE90FDD00CA8A14 /* Roboto-Bold.ttf in Resources */,
				60EF5D702BC09EC500DCDD97 /* Assets.xcassets in Resources */,
				607A06152BE90FDD00CA8A14 /* Roboto-Medium.ttf in Resources */,
			);
			runOnlyForDeploymentPostprocessing = 0;
		};
		60EF5D762BC09EC500DCDD97 /* Resources */ = {
			isa = PBXResourcesBuildPhase;
			buildActionMask = 2147483647;
			files = (
			);
			runOnlyForDeploymentPostprocessing = 0;
		};
		60EF5D802BC09EC500DCDD97 /* Resources */ = {
			isa = PBXResourcesBuildPhase;
			buildActionMask = 2147483647;
			files = (
			);
			runOnlyForDeploymentPostprocessing = 0;
		};
/* End PBXResourcesBuildPhase section */

/* Begin PBXSourcesBuildPhase section */
		607A059E2BE8C61300CA8A14 /* Sources */ = {
			isa = PBXSourcesBuildPhase;
			buildActionMask = 2147483647;
			files = (
				607A05AE2BE8C61300CA8A14 /* smiraddWidget.swift in Sources */,
				607A05B02BE8C61300CA8A14 /* AppIntent.swift in Sources */,
				607A05AA2BE8C61300CA8A14 /* smiraddWidgetBundle.swift in Sources */,
				607A05AC2BE8C61300CA8A14 /* smiraddWidgetLiveActivity.swift in Sources */,
			);
			runOnlyForDeploymentPostprocessing = 0;
		};
		60EF5D642BC09EC400DCDD97 /* Sources */ = {
			isa = PBXSourcesBuildPhase;
			buildActionMask = 2147483647;
			files = (
				600EBC4D2BC9861700AC5FBB /* Router.swift in Sources */,
				600EBC182BC83DAB00AC5FBB /* AuthorizationScreen.swift in Sources */,
				60D069522BDF868000653AF0 /* BackButton.swift in Sources */,
				60D8A2ED2BCE6EF80077F7DC /* CustomAppBar.swift in Sources */,
				602221832BE3E5D600AA1293 /* FavoritesSettings.swift in Sources */,
				60D069392BDA668800653AF0 /* CardTemplate.swift in Sources */,
				60D069462BDC3A8F00653AF0 /* DeleteModel.swift in Sources */,
				60D8A2E42BCD2A380077F7DC /* PhoneAddressFormatter.swift in Sources */,
				60727BF12BD086A900A73DC2 /* SafeArea.swift in Sources */,
				60D8A2EB2BCE69780077F7DC /* TemplateModel.swift in Sources */,
				60D8A2DB2BCBD56A0077F7DC /* Enums.swift in Sources */,
				600EBC142BC83BED00AC5FBB /* Colors.swift in Sources */,
				60D069352BD9356300653AF0 /* CardBio.swift in Sources */,
				603BA43A2BE0E0B200DDC40A /* NotificationsModel.swift in Sources */,
				603BA43C2BE0E4F500DDC40A /* FavoritesModel.swift in Sources */,
				60727BE82BD005CC00A73DC2 /* CameraView.swift in Sources */,
				60D069542BDFCB0B00653AF0 /* DetailModel.swift in Sources */,
				60D069422BDBC8EC00653AF0 /* CardEditBody.swift in Sources */,
				60727C082BD536A000A73DC2 /* CardBody.swift in Sources */,
				60A2125B2BCAE2B5002A1301 /* FavoritesScreen.swift in Sources */,
				60A2127F2BCBBD4B002A1301 /* NetworkingCard.swift in Sources */,
				60727BEF2BD072B500A73DC2 /* CardSettings.swift in Sources */,
				60D0694C2BDD777A00653AF0 /* LocationManager.swift in Sources */,
				60A212812BCBC23A002A1301 /* CardModel.swift in Sources */,
				60D8A2EF2BCE72670077F7DC /* AchievementScreen.swift in Sources */,
				60727C192BD617FC00A73DC2 /* ProfileSettings.swift in Sources */,
				60D0692E2BD930DE00653AF0 /* CardScreen.swift in Sources */,
				60727C122BD5A3BF00A73DC2 /* CirculationCreation.swift in Sources */,
				60D0694E2BDD7BD200653AF0 /* LocationModel.swift in Sources */,
				60D069482BDC4B7F00653AF0 /* ExpandableText.swift in Sources */,
				60D0693E2BDBC7B800653AF0 /* CardAchievement.swift in Sources */,
				60727C172BD610C700A73DC2 /* TicketModel.swift in Sources */,
				607A059C2BE53CAB00CA8A14 /* KeyboardReadable.swift in Sources */,
				60727C002BD25A0A00A73DC2 /* DeleteWidget.swift in Sources */,
				60A212582BCAE28D002A1301 /* NetworkingScreen.swift in Sources */,
				60D069332BD9346300653AF0 /* CardLogo.swift in Sources */,
				60D069442BDBD69900653AF0 /* CustomFormatter.swift in Sources */,
				60EF5D6C2BC09EC400DCDD97 /* smiraddApp.swift in Sources */,
				60D8A2F12BCE79680077F7DC /* SaveButton.swift in Sources */,
				60D069502BDD972100653AF0 /* QRCodeScreen.swift in Sources */,
				60D8A2E22BCD23D40077F7DC /* SpecificityModel.swift in Sources */,
				60D8A2E62BCDB5BF0077F7DC /* MyCard.swift in Sources */,
				60D069402BDBC88D00653AF0 /* CardService.swift in Sources */,
				600EBC462BC93C8C00AC5FBB /* ExtensionsView.swift in Sources */,
				60D8A2E02BCD1ED10077F7DC /* CustomTextField.swift in Sources */,
				60A2125E2BCAF265002A1301 /* ProfileScreen.swift in Sources */,
				60D8A2E92BCE68910077F7DC /* TemplatesScreen.swift in Sources */,
				60A212602BCAF38F002A1301 /* ExtensionsUIImage.swift in Sources */,
				600EBC502BC98F0D00AC5FBB /* AuthorizationModel.swift in Sources */,
				60D8A2DD2BCBE5DF0077F7DC /* ProfileModel.swift in Sources */,
				60D069562BDFD38D00653AF0 /* TutorialScreen.swift in Sources */,
				60727C022BD2672300A73DC2 /* CustomAlertView.swift in Sources */,
				60727C0A2BD5373200A73DC2 /* CustomText.swift in Sources */,
				60727C052BD2A81400A73DC2 /* View-CustomAlert.swift in Sources */,
				60D069302BD932D600653AF0 /* CardTile.swift in Sources */,
				60727BF32BD08CAE00A73DC2 /* DetailsModel.swift in Sources */,
				600EBC122BC8384E00AC5FBB /* SplashScreen.swift in Sources */,
				60A2127D2BCBBC63002A1301 /* CustomWidget.swift in Sources */,
				60A212772BCBAEA1002A1301 /* FilterScreen.swift in Sources */,
				60D8A2D92BCBD50E0077F7DC /* CustomRequest.swift in Sources */,
				60727BEC2BD05A6800A73DC2 /* CustomBottomNavigationBar.swift in Sources */,
				60727C0C2BD53ABA00A73DC2 /* SettingsScreen.swift in Sources */,
				60727C0F2BD5409500A73DC2 /* SettingsTile.swift in Sources */,
				60727C1D2BD623BB00A73DC2 /* NotificationsScreen.swift in Sources */,
				60727C1F2BD7D06000A73DC2 /* CardWidget.swift in Sources */,
				60727C152BD60FEB00A73DC2 /* CustomButton.swift in Sources */,
				60D069282BD8FBEF00653AF0 /* AuthService.swift in Sources */,
				600EBC4B2BC9853400AC5FBB /* NavigationService.swift in Sources */,
				60727BEA2BD04DF200A73DC2 /* ServiceScreen.swift in Sources */,
				60D069372BDA476600653AF0 /* CustomIcon.swift in Sources */,
			);
			runOnlyForDeploymentPostprocessing = 0;
		};
		60EF5D742BC09EC500DCDD97 /* Sources */ = {
			isa = PBXSourcesBuildPhase;
			buildActionMask = 2147483647;
			files = (
				60EF5D7D2BC09EC500DCDD97 /* smiraddTests.swift in Sources */,
			);
			runOnlyForDeploymentPostprocessing = 0;
		};
		60EF5D7E2BC09EC500DCDD97 /* Sources */ = {
			isa = PBXSourcesBuildPhase;
			buildActionMask = 2147483647;
			files = (
				60EF5D872BC09EC500DCDD97 /* smiraddUITests.swift in Sources */,
				60EF5D892BC09EC500DCDD97 /* smiraddUITestsLaunchTests.swift in Sources */,
			);
			runOnlyForDeploymentPostprocessing = 0;
		};
/* End PBXSourcesBuildPhase section */

/* Begin PBXTargetDependency section */
		607A05B52BE8C61500CA8A14 /* PBXTargetDependency */ = {
			isa = PBXTargetDependency;
			target = 607A05A12BE8C61300CA8A14 /* smiraddWidgetExtension */;
			targetProxy = 607A05B42BE8C61500CA8A14 /* PBXContainerItemProxy */;
		};
		60EF5D7A2BC09EC500DCDD97 /* PBXTargetDependency */ = {
			isa = PBXTargetDependency;
			target = 60EF5D672BC09EC400DCDD97 /* smiradd */;
			targetProxy = 60EF5D792BC09EC500DCDD97 /* PBXContainerItemProxy */;
		};
		60EF5D842BC09EC500DCDD97 /* PBXTargetDependency */ = {
			isa = PBXTargetDependency;
			target = 60EF5D672BC09EC400DCDD97 /* smiradd */;
			targetProxy = 60EF5D832BC09EC500DCDD97 /* PBXContainerItemProxy */;
		};
/* End PBXTargetDependency section */

/* Begin XCBuildConfiguration section */
		607A05B82BE8C61500CA8A14 /* Debug */ = {
			isa = XCBuildConfiguration;
			buildSettings = {
				ASSETCATALOG_COMPILER_GLOBAL_ACCENT_COLOR_NAME = AccentColor;
				ASSETCATALOG_COMPILER_WIDGET_BACKGROUND_COLOR_NAME = WidgetBackground;
				CODE_SIGN_STYLE = Automatic;
				CURRENT_PROJECT_VERSION = 1;
				DEVELOPMENT_TEAM = 3DC4VZYZ2Z;
				GENERATE_INFOPLIST_FILE = YES;
				INFOPLIST_FILE = smiraddWidget/Info.plist;
				INFOPLIST_KEY_CFBundleDisplayName = smiraddWidget;
				INFOPLIST_KEY_NSHumanReadableCopyright = "";
				LD_RUNPATH_SEARCH_PATHS = (
					"$(inherited)",
					"@executable_path/Frameworks",
					"@executable_path/../../Frameworks",
				);
				MARKETING_VERSION = 1.0;
				PRODUCT_BUNDLE_IDENTIFIER = com.startup.structura.smiradd.smiraddWidget;
				PRODUCT_NAME = "$(TARGET_NAME)";
				SKIP_INSTALL = YES;
				SWIFT_EMIT_LOC_STRINGS = YES;
				SWIFT_VERSION = 5.0;
				TARGETED_DEVICE_FAMILY = "1,2";
			};
			name = Debug;
		};
		607A05B92BE8C61500CA8A14 /* Release */ = {
			isa = XCBuildConfiguration;
			buildSettings = {
				ASSETCATALOG_COMPILER_GLOBAL_ACCENT_COLOR_NAME = AccentColor;
				ASSETCATALOG_COMPILER_WIDGET_BACKGROUND_COLOR_NAME = WidgetBackground;
				CODE_SIGN_STYLE = Automatic;
				CURRENT_PROJECT_VERSION = 1;
				DEVELOPMENT_TEAM = 3DC4VZYZ2Z;
				GENERATE_INFOPLIST_FILE = YES;
				INFOPLIST_FILE = smiraddWidget/Info.plist;
				INFOPLIST_KEY_CFBundleDisplayName = smiraddWidget;
				INFOPLIST_KEY_NSHumanReadableCopyright = "";
				LD_RUNPATH_SEARCH_PATHS = (
					"$(inherited)",
					"@executable_path/Frameworks",
					"@executable_path/../../Frameworks",
				);
				MARKETING_VERSION = 1.0;
				PRODUCT_BUNDLE_IDENTIFIER = com.startup.structura.smiradd.smiraddWidget;
				PRODUCT_NAME = "$(TARGET_NAME)";
				SKIP_INSTALL = YES;
				SWIFT_EMIT_LOC_STRINGS = YES;
				SWIFT_VERSION = 5.0;
				TARGETED_DEVICE_FAMILY = "1,2";
			};
			name = Release;
		};
		60EF5D8A2BC09EC500DCDD97 /* Debug */ = {
			isa = XCBuildConfiguration;
			buildSettings = {
				ALWAYS_SEARCH_USER_PATHS = NO;
				ASSETCATALOG_COMPILER_GENERATE_SWIFT_ASSET_SYMBOL_EXTENSIONS = YES;
				CLANG_ANALYZER_NONNULL = YES;
				CLANG_ANALYZER_NUMBER_OBJECT_CONVERSION = YES_AGGRESSIVE;
				CLANG_CXX_LANGUAGE_STANDARD = "gnu++20";
				CLANG_ENABLE_MODULES = YES;
				CLANG_ENABLE_OBJC_ARC = YES;
				CLANG_ENABLE_OBJC_WEAK = YES;
				CLANG_WARN_BLOCK_CAPTURE_AUTORELEASING = YES;
				CLANG_WARN_BOOL_CONVERSION = YES;
				CLANG_WARN_COMMA = YES;
				CLANG_WARN_CONSTANT_CONVERSION = YES;
				CLANG_WARN_DEPRECATED_OBJC_IMPLEMENTATIONS = YES;
				CLANG_WARN_DIRECT_OBJC_ISA_USAGE = YES_ERROR;
				CLANG_WARN_DOCUMENTATION_COMMENTS = YES;
				CLANG_WARN_EMPTY_BODY = YES;
				CLANG_WARN_ENUM_CONVERSION = YES;
				CLANG_WARN_INFINITE_RECURSION = YES;
				CLANG_WARN_INT_CONVERSION = YES;
				CLANG_WARN_NON_LITERAL_NULL_CONVERSION = YES;
				CLANG_WARN_OBJC_IMPLICIT_RETAIN_SELF = YES;
				CLANG_WARN_OBJC_LITERAL_CONVERSION = YES;
				CLANG_WARN_OBJC_ROOT_CLASS = YES_ERROR;
				CLANG_WARN_QUOTED_INCLUDE_IN_FRAMEWORK_HEADER = YES;
				CLANG_WARN_RANGE_LOOP_ANALYSIS = YES;
				CLANG_WARN_STRICT_PROTOTYPES = YES;
				CLANG_WARN_SUSPICIOUS_MOVE = YES;
				CLANG_WARN_UNGUARDED_AVAILABILITY = YES_AGGRESSIVE;
				CLANG_WARN_UNREACHABLE_CODE = YES;
				CLANG_WARN__DUPLICATE_METHOD_MATCH = YES;
				COPY_PHASE_STRIP = NO;
				DEBUG_INFORMATION_FORMAT = dwarf;
				ENABLE_STRICT_OBJC_MSGSEND = YES;
				ENABLE_TESTABILITY = YES;
				ENABLE_USER_SCRIPT_SANDBOXING = YES;
				GCC_C_LANGUAGE_STANDARD = gnu17;
				GCC_DYNAMIC_NO_PIC = NO;
				GCC_NO_COMMON_BLOCKS = YES;
				GCC_OPTIMIZATION_LEVEL = 0;
				GCC_PREPROCESSOR_DEFINITIONS = (
					"DEBUG=1",
					"$(inherited)",
				);
				GCC_WARN_64_TO_32_BIT_CONVERSION = YES;
				GCC_WARN_ABOUT_RETURN_TYPE = YES_ERROR;
				GCC_WARN_UNDECLARED_SELECTOR = YES;
				GCC_WARN_UNINITIALIZED_AUTOS = YES_AGGRESSIVE;
				GCC_WARN_UNUSED_FUNCTION = YES;
				GCC_WARN_UNUSED_VARIABLE = YES;
				IPHONEOS_DEPLOYMENT_TARGET = 17.4;
				LOCALIZATION_PREFERS_STRING_CATALOGS = YES;
				MTL_ENABLE_DEBUG_INFO = INCLUDE_SOURCE;
				MTL_FAST_MATH = YES;
				ONLY_ACTIVE_ARCH = YES;
				SDKROOT = iphoneos;
				SWIFT_ACTIVE_COMPILATION_CONDITIONS = "DEBUG $(inherited)";
				SWIFT_OPTIMIZATION_LEVEL = "-Onone";
			};
			name = Debug;
		};
		60EF5D8B2BC09EC500DCDD97 /* Release */ = {
			isa = XCBuildConfiguration;
			buildSettings = {
				ALWAYS_SEARCH_USER_PATHS = NO;
				ASSETCATALOG_COMPILER_GENERATE_SWIFT_ASSET_SYMBOL_EXTENSIONS = YES;
				CLANG_ANALYZER_NONNULL = YES;
				CLANG_ANALYZER_NUMBER_OBJECT_CONVERSION = YES_AGGRESSIVE;
				CLANG_CXX_LANGUAGE_STANDARD = "gnu++20";
				CLANG_ENABLE_MODULES = YES;
				CLANG_ENABLE_OBJC_ARC = YES;
				CLANG_ENABLE_OBJC_WEAK = YES;
				CLANG_WARN_BLOCK_CAPTURE_AUTORELEASING = YES;
				CLANG_WARN_BOOL_CONVERSION = YES;
				CLANG_WARN_COMMA = YES;
				CLANG_WARN_CONSTANT_CONVERSION = YES;
				CLANG_WARN_DEPRECATED_OBJC_IMPLEMENTATIONS = YES;
				CLANG_WARN_DIRECT_OBJC_ISA_USAGE = YES_ERROR;
				CLANG_WARN_DOCUMENTATION_COMMENTS = YES;
				CLANG_WARN_EMPTY_BODY = YES;
				CLANG_WARN_ENUM_CONVERSION = YES;
				CLANG_WARN_INFINITE_RECURSION = YES;
				CLANG_WARN_INT_CONVERSION = YES;
				CLANG_WARN_NON_LITERAL_NULL_CONVERSION = YES;
				CLANG_WARN_OBJC_IMPLICIT_RETAIN_SELF = YES;
				CLANG_WARN_OBJC_LITERAL_CONVERSION = YES;
				CLANG_WARN_OBJC_ROOT_CLASS = YES_ERROR;
				CLANG_WARN_QUOTED_INCLUDE_IN_FRAMEWORK_HEADER = YES;
				CLANG_WARN_RANGE_LOOP_ANALYSIS = YES;
				CLANG_WARN_STRICT_PROTOTYPES = YES;
				CLANG_WARN_SUSPICIOUS_MOVE = YES;
				CLANG_WARN_UNGUARDED_AVAILABILITY = YES_AGGRESSIVE;
				CLANG_WARN_UNREACHABLE_CODE = YES;
				CLANG_WARN__DUPLICATE_METHOD_MATCH = YES;
				COPY_PHASE_STRIP = NO;
				DEBUG_INFORMATION_FORMAT = "dwarf-with-dsym";
				ENABLE_NS_ASSERTIONS = NO;
				ENABLE_STRICT_OBJC_MSGSEND = YES;
				ENABLE_USER_SCRIPT_SANDBOXING = YES;
				GCC_C_LANGUAGE_STANDARD = gnu17;
				GCC_NO_COMMON_BLOCKS = YES;
				GCC_WARN_64_TO_32_BIT_CONVERSION = YES;
				GCC_WARN_ABOUT_RETURN_TYPE = YES_ERROR;
				GCC_WARN_UNDECLARED_SELECTOR = YES;
				GCC_WARN_UNINITIALIZED_AUTOS = YES_AGGRESSIVE;
				GCC_WARN_UNUSED_FUNCTION = YES;
				GCC_WARN_UNUSED_VARIABLE = YES;
				IPHONEOS_DEPLOYMENT_TARGET = 17.4;
				LOCALIZATION_PREFERS_STRING_CATALOGS = YES;
				MTL_ENABLE_DEBUG_INFO = NO;
				MTL_FAST_MATH = YES;
				SDKROOT = iphoneos;
				SWIFT_COMPILATION_MODE = wholemodule;
				VALIDATE_PRODUCT = YES;
			};
			name = Release;
		};
		60EF5D8D2BC09EC500DCDD97 /* Debug */ = {
			isa = XCBuildConfiguration;
			buildSettings = {
				ALWAYS_EMBED_SWIFT_STANDARD_LIBRARIES = YES;
				ASSETCATALOG_COMPILER_APPICON_NAME = AppIcon;
				ASSETCATALOG_COMPILER_GLOBAL_ACCENT_COLOR_NAME = AccentColor;
				CODE_SIGN_ENTITLEMENTS = smiradd/smiradd.entitlements;
				CODE_SIGN_STYLE = Automatic;
				CURRENT_PROJECT_VERSION = 1;
				DEVELOPMENT_ASSET_PATHS = "\"smiradd/Preview Content\"";
				DEVELOPMENT_TEAM = 3DC4VZYZ2Z;
				ENABLE_PREVIEWS = YES;
				GENERATE_INFOPLIST_FILE = YES;
				INFOPLIST_FILE = smiradd/Info.plist;
				INFOPLIST_KEY_NSCameraUsageDescription = "хуй";
				INFOPLIST_KEY_NSLocationWhenInUseUsageDescription = "хуй";
				INFOPLIST_KEY_UIApplicationSceneManifest_Generation = YES;
				INFOPLIST_KEY_UIApplicationSupportsIndirectInputEvents = YES;
				INFOPLIST_KEY_UILaunchScreen_Generation = YES;
				INFOPLIST_KEY_UISupportedInterfaceOrientations = UIInterfaceOrientationPortrait;
				INFOPLIST_KEY_UISupportedInterfaceOrientations_iPad = "UIInterfaceOrientationLandscapeLeft UIInterfaceOrientationLandscapeRight UIInterfaceOrientationPortrait UIInterfaceOrientationPortraitUpsideDown";
				LD_RUNPATH_SEARCH_PATHS = (
					"$(inherited)",
					"@executable_path/Frameworks",
				);
				MARKETING_VERSION = 1.0;
				PRODUCT_BUNDLE_IDENTIFIER = com.startup.structura.smiradd;
				PRODUCT_NAME = "$(TARGET_NAME)";
				SWIFT_EMIT_LOC_STRINGS = YES;
				SWIFT_VERSION = 5.0;
				TARGETED_DEVICE_FAMILY = "1,2";
			};
			name = Debug;
		};
		60EF5D8E2BC09EC500DCDD97 /* Release */ = {
			isa = XCBuildConfiguration;
			buildSettings = {
				ALWAYS_EMBED_SWIFT_STANDARD_LIBRARIES = YES;
				ASSETCATALOG_COMPILER_APPICON_NAME = AppIcon;
				ASSETCATALOG_COMPILER_GLOBAL_ACCENT_COLOR_NAME = AccentColor;
				CODE_SIGN_ENTITLEMENTS = smiradd/smiradd.entitlements;
				CODE_SIGN_STYLE = Automatic;
				CURRENT_PROJECT_VERSION = 1;
				DEVELOPMENT_ASSET_PATHS = "\"smiradd/Preview Content\"";
				DEVELOPMENT_TEAM = 3DC4VZYZ2Z;
				ENABLE_PREVIEWS = YES;
				GENERATE_INFOPLIST_FILE = YES;
				INFOPLIST_FILE = smiradd/Info.plist;
				INFOPLIST_KEY_NSCameraUsageDescription = "хуй";
				INFOPLIST_KEY_NSLocationWhenInUseUsageDescription = "хуй";
				INFOPLIST_KEY_UIApplicationSceneManifest_Generation = YES;
				INFOPLIST_KEY_UIApplicationSupportsIndirectInputEvents = YES;
				INFOPLIST_KEY_UILaunchScreen_Generation = YES;
				INFOPLIST_KEY_UISupportedInterfaceOrientations = UIInterfaceOrientationPortrait;
				INFOPLIST_KEY_UISupportedInterfaceOrientations_iPad = "UIInterfaceOrientationLandscapeLeft UIInterfaceOrientationLandscapeRight UIInterfaceOrientationPortrait UIInterfaceOrientationPortraitUpsideDown";
				LD_RUNPATH_SEARCH_PATHS = (
					"$(inherited)",
					"@executable_path/Frameworks",
				);
				MARKETING_VERSION = 1.0;
				PRODUCT_BUNDLE_IDENTIFIER = com.startup.structura.smiradd;
				PRODUCT_NAME = "$(TARGET_NAME)";
				SWIFT_EMIT_LOC_STRINGS = YES;
				SWIFT_VERSION = 5.0;
				TARGETED_DEVICE_FAMILY = "1,2";
			};
			name = Release;
		};
		60EF5D902BC09EC500DCDD97 /* Debug */ = {
			isa = XCBuildConfiguration;
			buildSettings = {
				ALWAYS_EMBED_SWIFT_STANDARD_LIBRARIES = YES;
				BUNDLE_LOADER = "$(TEST_HOST)";
				CODE_SIGN_STYLE = Automatic;
				CURRENT_PROJECT_VERSION = 1;
				DEVELOPMENT_TEAM = 3DC4VZYZ2Z;
				GENERATE_INFOPLIST_FILE = YES;
				IPHONEOS_DEPLOYMENT_TARGET = 17.4;
				MARKETING_VERSION = 1.0;
				PRODUCT_BUNDLE_IDENTIFIER = dyk.smiraddTests;
				PRODUCT_NAME = "$(TARGET_NAME)";
				SWIFT_EMIT_LOC_STRINGS = NO;
				SWIFT_VERSION = 5.0;
				TARGETED_DEVICE_FAMILY = "1,2";
				TEST_HOST = "$(BUILT_PRODUCTS_DIR)/smiradd.app/$(BUNDLE_EXECUTABLE_FOLDER_PATH)/smiradd";
			};
			name = Debug;
		};
		60EF5D912BC09EC500DCDD97 /* Release */ = {
			isa = XCBuildConfiguration;
			buildSettings = {
				ALWAYS_EMBED_SWIFT_STANDARD_LIBRARIES = YES;
				BUNDLE_LOADER = "$(TEST_HOST)";
				CODE_SIGN_STYLE = Automatic;
				CURRENT_PROJECT_VERSION = 1;
				DEVELOPMENT_TEAM = 3DC4VZYZ2Z;
				GENERATE_INFOPLIST_FILE = YES;
				IPHONEOS_DEPLOYMENT_TARGET = 17.4;
				MARKETING_VERSION = 1.0;
				PRODUCT_BUNDLE_IDENTIFIER = dyk.smiraddTests;
				PRODUCT_NAME = "$(TARGET_NAME)";
				SWIFT_EMIT_LOC_STRINGS = NO;
				SWIFT_VERSION = 5.0;
				TARGETED_DEVICE_FAMILY = "1,2";
				TEST_HOST = "$(BUILT_PRODUCTS_DIR)/smiradd.app/$(BUNDLE_EXECUTABLE_FOLDER_PATH)/smiradd";
			};
			name = Release;
		};
		60EF5D932BC09EC500DCDD97 /* Debug */ = {
			isa = XCBuildConfiguration;
			buildSettings = {
				ALWAYS_EMBED_SWIFT_STANDARD_LIBRARIES = YES;
				CODE_SIGN_STYLE = Automatic;
				CURRENT_PROJECT_VERSION = 1;
				DEVELOPMENT_TEAM = 3DC4VZYZ2Z;
				GENERATE_INFOPLIST_FILE = YES;
				MARKETING_VERSION = 1.0;
				PRODUCT_BUNDLE_IDENTIFIER = dyk.smiraddUITests;
				PRODUCT_NAME = "$(TARGET_NAME)";
				SWIFT_EMIT_LOC_STRINGS = NO;
				SWIFT_VERSION = 5.0;
				TARGETED_DEVICE_FAMILY = "1,2";
				TEST_TARGET_NAME = smiradd;
			};
			name = Debug;
		};
		60EF5D942BC09EC500DCDD97 /* Release */ = {
			isa = XCBuildConfiguration;
			buildSettings = {
				ALWAYS_EMBED_SWIFT_STANDARD_LIBRARIES = YES;
				CODE_SIGN_STYLE = Automatic;
				CURRENT_PROJECT_VERSION = 1;
				DEVELOPMENT_TEAM = 3DC4VZYZ2Z;
				GENERATE_INFOPLIST_FILE = YES;
				MARKETING_VERSION = 1.0;
				PRODUCT_BUNDLE_IDENTIFIER = dyk.smiraddUITests;
				PRODUCT_NAME = "$(TARGET_NAME)";
				SWIFT_EMIT_LOC_STRINGS = NO;
				SWIFT_VERSION = 5.0;
				TARGETED_DEVICE_FAMILY = "1,2";
				TEST_TARGET_NAME = smiradd;
			};
			name = Release;
		};
/* End XCBuildConfiguration section */

/* Begin XCConfigurationList section */
		607A05B72BE8C61500CA8A14 /* Build configuration list for PBXNativeTarget "smiraddWidgetExtension" */ = {
			isa = XCConfigurationList;
			buildConfigurations = (
				607A05B82BE8C61500CA8A14 /* Debug */,
				607A05B92BE8C61500CA8A14 /* Release */,
			);
			defaultConfigurationIsVisible = 0;
			defaultConfigurationName = Release;
		};
		60EF5D632BC09EC400DCDD97 /* Build configuration list for PBXProject "smiradd" */ = {
			isa = XCConfigurationList;
			buildConfigurations = (
				60EF5D8A2BC09EC500DCDD97 /* Debug */,
				60EF5D8B2BC09EC500DCDD97 /* Release */,
			);
			defaultConfigurationIsVisible = 0;
			defaultConfigurationName = Release;
		};
		60EF5D8C2BC09EC500DCDD97 /* Build configuration list for PBXNativeTarget "smiradd" */ = {
			isa = XCConfigurationList;
			buildConfigurations = (
				60EF5D8D2BC09EC500DCDD97 /* Debug */,
				60EF5D8E2BC09EC500DCDD97 /* Release */,
			);
			defaultConfigurationIsVisible = 0;
			defaultConfigurationName = Release;
		};
		60EF5D8F2BC09EC500DCDD97 /* Build configuration list for PBXNativeTarget "smiraddTests" */ = {
			isa = XCConfigurationList;
			buildConfigurations = (
				60EF5D902BC09EC500DCDD97 /* Debug */,
				60EF5D912BC09EC500DCDD97 /* Release */,
			);
			defaultConfigurationIsVisible = 0;
			defaultConfigurationName = Release;
		};
		60EF5D922BC09EC500DCDD97 /* Build configuration list for PBXNativeTarget "smiraddUITests" */ = {
			isa = XCConfigurationList;
			buildConfigurations = (
				60EF5D932BC09EC500DCDD97 /* Debug */,
				60EF5D942BC09EC500DCDD97 /* Release */,
			);
			defaultConfigurationIsVisible = 0;
			defaultConfigurationName = Release;
		};
/* End XCConfigurationList section */

/* Begin XCRemoteSwiftPackageReference section */
		602221842BE4C96C00AA1293 /* XCRemoteSwiftPackageReference "CodeScanner" */ = {
			isa = XCRemoteSwiftPackageReference;
			repositoryURL = "https://github.com/twostraws/CodeScanner.git";
			requirement = {
				kind = upToNextMajorVersion;
				minimumVersion = 2.4.1;
			};
		};
		60727C202BD7D96D00A73DC2 /* XCRemoteSwiftPackageReference "mobile-ios-package-CardStackView" */ = {
			isa = XCRemoteSwiftPackageReference;
			repositoryURL = "https://github.com/bruxless/mobile-ios-package-CardStackView.git";
			requirement = {
				kind = upToNextMajorVersion;
				minimumVersion = 0.1.0;
			};
		};
		60D0691D2BD8F56400653AF0 /* XCRemoteSwiftPackageReference "firebase-ios-sdk" */ = {
			isa = XCRemoteSwiftPackageReference;
			repositoryURL = "https://github.com/firebase/firebase-ios-sdk";
			requirement = {
				kind = upToNextMajorVersion;
				minimumVersion = 10.24.0;
			};
		};
		60D069242BD8FA9B00653AF0 /* XCRemoteSwiftPackageReference "GoogleSignIn-iOS" */ = {
			isa = XCRemoteSwiftPackageReference;
			repositoryURL = "https://github.com/google/GoogleSignIn-iOS";
			requirement = {
				kind = upToNextMajorVersion;
				minimumVersion = 7.1.0;
			};
		};
/* End XCRemoteSwiftPackageReference section */

/* Begin XCSwiftPackageProductDependency section */
		602221852BE4C96C00AA1293 /* CodeScanner */ = {
			isa = XCSwiftPackageProductDependency;
			package = 602221842BE4C96C00AA1293 /* XCRemoteSwiftPackageReference "CodeScanner" */;
			productName = CodeScanner;
		};
		60727C212BD7D96D00A73DC2 /* CardStack */ = {
			isa = XCSwiftPackageProductDependency;
			package = 60727C202BD7D96D00A73DC2 /* XCRemoteSwiftPackageReference "mobile-ios-package-CardStackView" */;
			productName = CardStack;
		};
		60D0691E2BD8F56400653AF0 /* FirebaseAuth */ = {
			isa = XCSwiftPackageProductDependency;
			package = 60D0691D2BD8F56400653AF0 /* XCRemoteSwiftPackageReference "firebase-ios-sdk" */;
			productName = FirebaseAuth;
		};
		60D069252BD8FA9B00653AF0 /* GoogleSignInSwift */ = {
			isa = XCSwiftPackageProductDependency;
			package = 60D069242BD8FA9B00653AF0 /* XCRemoteSwiftPackageReference "GoogleSignIn-iOS" */;
			productName = GoogleSignInSwift;
		};
		60D069492BDD3F0100653AF0 /* FirebaseMessaging */ = {
			isa = XCSwiftPackageProductDependency;
			package = 60D0691D2BD8F56400653AF0 /* XCRemoteSwiftPackageReference "firebase-ios-sdk" */;
			productName = FirebaseMessaging;
		};
/* End XCSwiftPackageProductDependency section */
	};
	rootObject = 60EF5D602BC09EC400DCDD97 /* Project object */;
}
